
Microsoft Visual Studio Solution File, Format Version 12.00
# Visual Studio Version 17
VisualStudioVersion = 17.0.32112.339
MinimumVisualStudioVersion = 10.0.40219.1
Project("{2150E333-8FDC-42A3-9474-1A3956D46DE8}") = "Solution Items", "Solution Items", "{486CD777-F50E-4422-9058-A981A489D843}"
	ProjectSection(SolutionItems) = preProject
		.editorconfig = .editorconfig
		.gitignore = .gitignore
		README.md = README.md
		release-build.ps1 = release-build.ps1
	EndProjectSection
EndProject
Project("{2150E333-8FDC-42A3-9474-1A3956D46DE8}") = "Ekom", "Ekom", "{B5C9BAF3-857C-4182-B0E3-E11236D8C6F4}"
EndProject
Project("{9A19103F-16F7-4668-BE54-9A1E7A4F7556}") = "Ekom", "Ekom\Ekom.csproj", "{EBA991EB-CDAA-4939-B22D-8C8CCF8ED470}"
EndProject
Project("{2150E333-8FDC-42A3-9474-1A3956D46DE8}") = "AspNetCore", "AspNetCore", "{90A9A2E7-EAB5-40FA-AB46-6701D7A6B9FB}"
EndProject
Project("{9A19103F-16F7-4668-BE54-9A1E7A4F7556}") = "Ekom.AspNetCore", "AspNetCore\Ekom.AspNetCore\Ekom.AspNetCore.csproj", "{14B44BFE-58B1-4653-B4FC-2C99B64A9336}"
EndProject
Project("{9A19103F-16F7-4668-BE54-9A1E7A4F7556}") = "Ekom.U9", "AspNetCore\Ekom.U9\Ekom.U9.csproj", "{805379DC-7D41-4E5E-846E-454BCF632B28}"
EndProject
Project("{9A19103F-16F7-4668-BE54-9A1E7A4F7556}") = "Ekom.U10", "AspNetCore\Ekom.U10\Ekom.U10.csproj", "{8C89F85B-D4D6-4FAF-AA00-2AA3F2F669B2}"
EndProject
Project("{2150E333-8FDC-42A3-9474-1A3956D46DE8}") = "Site", "Site", "{E41F0609-EAE2-42E8-B22D-7A54A36482E6}"
EndProject
Project("{9A19103F-16F7-4668-BE54-9A1E7A4F7556}") = "Ekom.Site", "Samples\U10\Ekom.Site\Ekom.Site.csproj", "{716A66D8-90B6-4D9D-8727-00CFAFFAF7E1}"
EndProject
Project("{9A19103F-16F7-4668-BE54-9A1E7A4F7556}") = "Ekom.Web", "Ekom.Web\Ekom.Web.csproj", "{A5F527DE-3E2A-48E7-8C84-E6AA1F9B8FD1}"
EndProject
Project("{2150E333-8FDC-42A3-9474-1A3956D46DE8}") = "Ekom.Payments", "Ekom.Payments", "{F654A2D0-D519-4070-AF02-EE0FA671E7E8}"
EndProject
Project("{9A19103F-16F7-4668-BE54-9A1E7A4F7556}") = "Ekom.Payments.Core", "Ekom.Payments\Ekom.Payments.Core\Ekom.Payments.Core.csproj", "{FB1F7105-027F-462C-835A-CAD5CDFE5ED1}"
EndProject
Project("{9A19103F-16F7-4668-BE54-9A1E7A4F7556}") = "Ekom.Common", "Ekom.Common\Ekom.Common.csproj", "{1B7AE951-B3A3-42AB-814F-EBBBDF6C5981}"
EndProject
Project("{2150E333-8FDC-42A3-9474-1A3956D46DE8}") = "AspNetCore", "AspNetCore", "{FB22825F-8689-4829-AB15-9C60570EBFB3}"
EndProject
Project("{9A19103F-16F7-4668-BE54-9A1E7A4F7556}") = "Ekom.Payments.AspNetCore", "Ekom.Payments\AspNetCore\Ekom.Payments.AspNetCore\Ekom.Payments.AspNetCore.csproj", "{70BAA689-5252-4C4A-82E6-E3F076F948B1}"
EndProject
Project("{9A19103F-16F7-4668-BE54-9A1E7A4F7556}") = "Ekom.Payments.U10", "Ekom.Payments\AspNetCore\Ekom.Payments.U10\Ekom.Payments.U10.csproj", "{033E8FC5-24A9-4382-BF21-A0AB43459204}"
EndProject
Project("{2150E333-8FDC-42A3-9474-1A3956D46DE8}") = "PaymentProviders", "PaymentProviders", "{470F0A4E-A06C-446B-A72C-2431F74F1778}"
	ProjectSection(SolutionItems) = preProject
		Ekom.Payments\PaymentProviders\Directory.Build.props = Ekom.Payments\PaymentProviders\Directory.Build.props
	EndProjectSection
EndProject
Project("{9A19103F-16F7-4668-BE54-9A1E7A4F7556}") = "Ekom.Payments.Valitor", "Ekom.Payments\PaymentProviders\Ekom.Payments.Valitor\Ekom.Payments.Valitor.csproj", "{812F6B5A-1E9A-43A2-B92C-2371D1805F3E}"
EndProject
Project("{9A19103F-16F7-4668-BE54-9A1E7A4F7556}") = "Ekom.Payments.AsynchronousExample", "Ekom.Payments\PaymentProviders\Ekom.Payments.AsynchronousExample\Ekom.Payments.AsynchronousExample.csproj", "{A5707C17-3C73-40F5-8E46-40345EED7A32}"
EndProject
Global
	GlobalSection(SolutionConfigurationPlatforms) = preSolution
		Debug|Any CPU = Debug|Any CPU
		Release|Any CPU = Release|Any CPU
	EndGlobalSection
	GlobalSection(ProjectConfigurationPlatforms) = postSolution
		{EBA991EB-CDAA-4939-B22D-8C8CCF8ED470}.Debug|Any CPU.ActiveCfg = Debug|Any CPU
		{EBA991EB-CDAA-4939-B22D-8C8CCF8ED470}.Debug|Any CPU.Build.0 = Debug|Any CPU
		{EBA991EB-CDAA-4939-B22D-8C8CCF8ED470}.Release|Any CPU.ActiveCfg = Release|Any CPU
		{EBA991EB-CDAA-4939-B22D-8C8CCF8ED470}.Release|Any CPU.Build.0 = Release|Any CPU
		{14B44BFE-58B1-4653-B4FC-2C99B64A9336}.Debug|Any CPU.ActiveCfg = Debug|Any CPU
		{14B44BFE-58B1-4653-B4FC-2C99B64A9336}.Debug|Any CPU.Build.0 = Debug|Any CPU
		{14B44BFE-58B1-4653-B4FC-2C99B64A9336}.Release|Any CPU.ActiveCfg = Release|Any CPU
		{14B44BFE-58B1-4653-B4FC-2C99B64A9336}.Release|Any CPU.Build.0 = Release|Any CPU
		{805379DC-7D41-4E5E-846E-454BCF632B28}.Debug|Any CPU.ActiveCfg = Debug|Any CPU
		{805379DC-7D41-4E5E-846E-454BCF632B28}.Debug|Any CPU.Build.0 = Debug|Any CPU
		{805379DC-7D41-4E5E-846E-454BCF632B28}.Release|Any CPU.ActiveCfg = Release|Any CPU
		{805379DC-7D41-4E5E-846E-454BCF632B28}.Release|Any CPU.Build.0 = Release|Any CPU
		{8C89F85B-D4D6-4FAF-AA00-2AA3F2F669B2}.Debug|Any CPU.ActiveCfg = Debug|Any CPU
		{8C89F85B-D4D6-4FAF-AA00-2AA3F2F669B2}.Debug|Any CPU.Build.0 = Debug|Any CPU
		{8C89F85B-D4D6-4FAF-AA00-2AA3F2F669B2}.Release|Any CPU.ActiveCfg = Release|Any CPU
		{8C89F85B-D4D6-4FAF-AA00-2AA3F2F669B2}.Release|Any CPU.Build.0 = Release|Any CPU
		{716A66D8-90B6-4D9D-8727-00CFAFFAF7E1}.Debug|Any CPU.ActiveCfg = Debug|Any CPU
		{716A66D8-90B6-4D9D-8727-00CFAFFAF7E1}.Debug|Any CPU.Build.0 = Debug|Any CPU
		{716A66D8-90B6-4D9D-8727-00CFAFFAF7E1}.Release|Any CPU.ActiveCfg = Release|Any CPU
		{716A66D8-90B6-4D9D-8727-00CFAFFAF7E1}.Release|Any CPU.Build.0 = Release|Any CPU
		{A5F527DE-3E2A-48E7-8C84-E6AA1F9B8FD1}.Debug|Any CPU.ActiveCfg = Debug|Any CPU
		{A5F527DE-3E2A-48E7-8C84-E6AA1F9B8FD1}.Debug|Any CPU.Build.0 = Debug|Any CPU
		{A5F527DE-3E2A-48E7-8C84-E6AA1F9B8FD1}.Release|Any CPU.ActiveCfg = Release|Any CPU
		{A5F527DE-3E2A-48E7-8C84-E6AA1F9B8FD1}.Release|Any CPU.Build.0 = Release|Any CPU
		{FB1F7105-027F-462C-835A-CAD5CDFE5ED1}.Debug|Any CPU.ActiveCfg = Debug|Any CPU
		{FB1F7105-027F-462C-835A-CAD5CDFE5ED1}.Debug|Any CPU.Build.0 = Debug|Any CPU
		{FB1F7105-027F-462C-835A-CAD5CDFE5ED1}.Release|Any CPU.ActiveCfg = Release|Any CPU
		{FB1F7105-027F-462C-835A-CAD5CDFE5ED1}.Release|Any CPU.Build.0 = Release|Any CPU
		{1B7AE951-B3A3-42AB-814F-EBBBDF6C5981}.Debug|Any CPU.ActiveCfg = Debug|Any CPU
		{1B7AE951-B3A3-42AB-814F-EBBBDF6C5981}.Debug|Any CPU.Build.0 = Debug|Any CPU
		{1B7AE951-B3A3-42AB-814F-EBBBDF6C5981}.Release|Any CPU.ActiveCfg = Release|Any CPU
		{1B7AE951-B3A3-42AB-814F-EBBBDF6C5981}.Release|Any CPU.Build.0 = Release|Any CPU
		{70BAA689-5252-4C4A-82E6-E3F076F948B1}.Debug|Any CPU.ActiveCfg = Debug|Any CPU
		{70BAA689-5252-4C4A-82E6-E3F076F948B1}.Debug|Any CPU.Build.0 = Debug|Any CPU
		{70BAA689-5252-4C4A-82E6-E3F076F948B1}.Release|Any CPU.ActiveCfg = Release|Any CPU
		{70BAA689-5252-4C4A-82E6-E3F076F948B1}.Release|Any CPU.Build.0 = Release|Any CPU
		{033E8FC5-24A9-4382-BF21-A0AB43459204}.Debug|Any CPU.ActiveCfg = Debug|Any CPU
		{033E8FC5-24A9-4382-BF21-A0AB43459204}.Debug|Any CPU.Build.0 = Debug|Any CPU
		{033E8FC5-24A9-4382-BF21-A0AB43459204}.Release|Any CPU.ActiveCfg = Release|Any CPU
		{033E8FC5-24A9-4382-BF21-A0AB43459204}.Release|Any CPU.Build.0 = Release|Any CPU
		{16BC18D2-0EE1-4AEC-9C30-CECF7602B6D2}.Debug|Any CPU.ActiveCfg = Debug|Any CPU
		{16BC18D2-0EE1-4AEC-9C30-CECF7602B6D2}.Debug|Any CPU.Build.0 = Debug|Any CPU
		{16BC18D2-0EE1-4AEC-9C30-CECF7602B6D2}.Release|Any CPU.ActiveCfg = Release|Any CPU
		{16BC18D2-0EE1-4AEC-9C30-CECF7602B6D2}.Release|Any CPU.Build.0 = Release|Any CPU
		{155D191D-39A7-4E2B-829A-2EE5D859E914}.Debug|Any CPU.ActiveCfg = Debug|Any CPU
		{155D191D-39A7-4E2B-829A-2EE5D859E914}.Debug|Any CPU.Build.0 = Debug|Any CPU
		{155D191D-39A7-4E2B-829A-2EE5D859E914}.Release|Any CPU.ActiveCfg = Release|Any CPU
		{155D191D-39A7-4E2B-829A-2EE5D859E914}.Release|Any CPU.Build.0 = Release|Any CPU
		{812F6B5A-1E9A-43A2-B92C-2371D1805F3E}.Debug|Any CPU.ActiveCfg = Debug|Any CPU
		{812F6B5A-1E9A-43A2-B92C-2371D1805F3E}.Debug|Any CPU.Build.0 = Debug|Any CPU
		{812F6B5A-1E9A-43A2-B92C-2371D1805F3E}.Release|Any CPU.ActiveCfg = Release|Any CPU
		{812F6B5A-1E9A-43A2-B92C-2371D1805F3E}.Release|Any CPU.Build.0 = Release|Any CPU
		{A5707C17-3C73-40F5-8E46-40345EED7A32}.Debug|Any CPU.ActiveCfg = Debug|Any CPU
		{A5707C17-3C73-40F5-8E46-40345EED7A32}.Debug|Any CPU.Build.0 = Debug|Any CPU
		{A5707C17-3C73-40F5-8E46-40345EED7A32}.Release|Any CPU.ActiveCfg = Release|Any CPU
		{A5707C17-3C73-40F5-8E46-40345EED7A32}.Release|Any CPU.Build.0 = Release|Any CPU
	EndGlobalSection
	GlobalSection(SolutionProperties) = preSolution
		HideSolutionNode = FALSE
	EndGlobalSection
	GlobalSection(NestedProjects) = preSolution
		{EBA991EB-CDAA-4939-B22D-8C8CCF8ED470} = {B5C9BAF3-857C-4182-B0E3-E11236D8C6F4}
		{90A9A2E7-EAB5-40FA-AB46-6701D7A6B9FB} = {B5C9BAF3-857C-4182-B0E3-E11236D8C6F4}
		{14B44BFE-58B1-4653-B4FC-2C99B64A9336} = {90A9A2E7-EAB5-40FA-AB46-6701D7A6B9FB}
		{805379DC-7D41-4E5E-846E-454BCF632B28} = {90A9A2E7-EAB5-40FA-AB46-6701D7A6B9FB}
		{8C89F85B-D4D6-4FAF-AA00-2AA3F2F669B2} = {90A9A2E7-EAB5-40FA-AB46-6701D7A6B9FB}
		{716A66D8-90B6-4D9D-8727-00CFAFFAF7E1} = {E41F0609-EAE2-42E8-B22D-7A54A36482E6}
		{A5F527DE-3E2A-48E7-8C84-E6AA1F9B8FD1} = {B5C9BAF3-857C-4182-B0E3-E11236D8C6F4}
		{FB1F7105-027F-462C-835A-CAD5CDFE5ED1} = {F654A2D0-D519-4070-AF02-EE0FA671E7E8}
		{1B7AE951-B3A3-42AB-814F-EBBBDF6C5981} = {B5C9BAF3-857C-4182-B0E3-E11236D8C6F4}
		{FB22825F-8689-4829-AB15-9C60570EBFB3} = {F654A2D0-D519-4070-AF02-EE0FA671E7E8}
		{70BAA689-5252-4C4A-82E6-E3F076F948B1} = {FB22825F-8689-4829-AB15-9C60570EBFB3}
		{033E8FC5-24A9-4382-BF21-A0AB43459204} = {FB22825F-8689-4829-AB15-9C60570EBFB3}
		{470F0A4E-A06C-446B-A72C-2431F74F1778} = {F654A2D0-D519-4070-AF02-EE0FA671E7E8}
		{16BC18D2-0EE1-4AEC-9C30-CECF7602B6D2} = {470F0A4E-A06C-446B-A72C-2431F74F1778}
		{155D191D-39A7-4E2B-829A-2EE5D859E914} = {470F0A4E-A06C-446B-A72C-2431F74F1778}
		{812F6B5A-1E9A-43A2-B92C-2371D1805F3E} = {470F0A4E-A06C-446B-A72C-2431F74F1778}
		{A5707C17-3C73-40F5-8E46-40345EED7A32} = {470F0A4E-A06C-446B-A72C-2431F74F1778}
	EndGlobalSection
	GlobalSection(ExtensibilityGlobals) = postSolution
		SolutionGuid = {411ECB7B-B382-43CA-8534-05EA8ED2F48D}
	EndGlobalSection
EndGlobal
