
Microsoft Visual Studio Solution File, Format Version 12.00
# Visual Studio Version 17
VisualStudioVersion = 17.0.32112.339
MinimumVisualStudioVersion = 10.0.40219.1
Project("{2150E333-8FDC-42A3-9474-1A3956D46DE8}") = "Solution Items", "Solution Items", "{486CD777-F50E-4422-9058-A981A489D843}"
	ProjectSection(SolutionItems) = preProject
		.editorconfig = .editorconfig
		.gitignore = .gitignore
		README.md = README.md
		release-build.ps1 = release-build.ps1
	EndProjectSection
EndProject
Project("{2150E333-8FDC-42A3-9474-1A3956D46DE8}") = "Ekom", "Ekom", "{B5C9BAF3-857C-4182-B0E3-E11236D8C6F4}"
EndProject
Project("{9A19103F-16F7-4668-BE54-9A1E7A4F7556}") = "Ekom", "Ekom\Ekom.csproj", "{EBA991EB-CDAA-4939-B22D-8C8CCF8ED470}"
EndProject
Project("{2150E333-8FDC-42A3-9474-1A3956D46DE8}") = "AspNetCore", "AspNetCore", "{90A9A2E7-EAB5-40FA-AB46-6701D7A6B9FB}"
EndProject
Project("{9A19103F-16F7-4668-BE54-9A1E7A4F7556}") = "Ekom.AspNetCore", "AspNetCore\Ekom.AspNetCore\Ekom.AspNetCore.csproj", "{14B44BFE-58B1-4653-B4FC-2C99B64A9336}"
EndProject
Project("{9A19103F-16F7-4668-BE54-9A1E7A4F7556}") = "Ekom.U9", "AspNetCore\Ekom.U9\Ekom.U9.csproj", "{805379DC-7D41-4E5E-846E-454BCF632B28}"
EndProject
Project("{9A19103F-16F7-4668-BE54-9A1E7A4F7556}") = "Ekom.U10", "AspNetCore\Ekom.U10\Ekom.U10.csproj", "{8C89F85B-D4D6-4FAF-AA00-2AA3F2F669B2}"
EndProject
Project("{9A19103F-16F7-4668-BE54-9A1E7A4F7556}") = "Ekom.Web", "Ekom.Web\Ekom.Web.csproj", "{F9B82FAF-F5C3-4E97-80E4-4785F8CE930F}"
EndProject
Project("{9A19103F-16F7-4668-BE54-9A1E7A4F7556}") = "Ekom.Common", "Ekom.Common\Ekom.Common.csproj", "{BA3442C2-219A-49B6-B91A-0A704F3A389A}"
EndProject
Project("{2150E333-8FDC-42A3-9474-1A3956D46DE8}") = "Ekom.Payments", "Ekom.Payments", "{C604168B-188C-4198-ADE8-29E8C5AC644E}"
EndProject
Project("{2150E333-8FDC-42A3-9474-1A3956D46DE8}") = "AspNetCore", "AspNetCore", "{71929E5E-C931-49AF-9F4C-6FEE8FF631F4}"
EndProject
Project("{2150E333-8FDC-42A3-9474-1A3956D46DE8}") = "PaymentProviders", "PaymentProviders", "{26C373D2-87E4-4542-991A-4504F37AF929}"
EndProject
Project("{9A19103F-16F7-4668-BE54-9A1E7A4F7556}") = "Ekom.Payments.Core", "Ekom.Payments\Ekom.Payments.Core\Ekom.Payments.Core.csproj", "{C147D859-1DCC-47E9-8C4D-6E04024D1F9A}"
EndProject
Project("{9A19103F-16F7-4668-BE54-9A1E7A4F7556}") = "Ekom.Payments.AspNetCore", "Ekom.Payments\AspNetCore\Ekom.Payments.AspNetCore\Ekom.Payments.AspNetCore.csproj", "{9698C3D8-D06C-48DB-9E80-45726D5BB5C6}"
EndProject
Project("{9A19103F-16F7-4668-BE54-9A1E7A4F7556}") = "Ekom.Payments.U10", "Ekom.Payments\AspNetCore\Ekom.Payments.U10\Ekom.Payments.U10.csproj", "{FD910859-404B-46F8-94AA-42BA409444AD}"
EndProject
Project("{9A19103F-16F7-4668-BE54-9A1E7A4F7556}") = "Ekom.Payments.Valitor", "Ekom.Payments\PaymentProviders\Ekom.Payments.Valitor\Ekom.Payments.Valitor.csproj", "{91AE01B3-881B-462A-BC91-0CE373318961}"
EndProject
Project("{9A19103F-16F7-4668-BE54-9A1E7A4F7556}") = "Ekom.Payments.AsynchronousExample", "Ekom.Payments\PaymentProviders\Ekom.Payments.AsynchronousExample\Ekom.Payments.AsynchronousExample.csproj", "{049D8B80-7D64-492A-8679-EECBBEA94739}"
EndProject
Global
	GlobalSection(SolutionConfigurationPlatforms) = preSolution
		Debug|Any CPU = Debug|Any CPU
		Release|Any CPU = Release|Any CPU
	EndGlobalSection
	GlobalSection(ProjectConfigurationPlatforms) = postSolution
		{EBA991EB-CDAA-4939-B22D-8C8CCF8ED470}.Debug|Any CPU.ActiveCfg = Debug|Any CPU
		{EBA991EB-CDAA-4939-B22D-8C8CCF8ED470}.Debug|Any CPU.Build.0 = Debug|Any CPU
		{EBA991EB-CDAA-4939-B22D-8C8CCF8ED470}.Release|Any CPU.ActiveCfg = Release|Any CPU
		{EBA991EB-CDAA-4939-B22D-8C8CCF8ED470}.Release|Any CPU.Build.0 = Release|Any CPU
		{14B44BFE-58B1-4653-B4FC-2C99B64A9336}.Debug|Any CPU.ActiveCfg = Debug|Any CPU
		{14B44BFE-58B1-4653-B4FC-2C99B64A9336}.Debug|Any CPU.Build.0 = Debug|Any CPU
		{14B44BFE-58B1-4653-B4FC-2C99B64A9336}.Release|Any CPU.ActiveCfg = Release|Any CPU
		{14B44BFE-58B1-4653-B4FC-2C99B64A9336}.Release|Any CPU.Build.0 = Release|Any CPU
		{805379DC-7D41-4E5E-846E-454BCF632B28}.Debug|Any CPU.ActiveCfg = Debug|Any CPU
		{805379DC-7D41-4E5E-846E-454BCF632B28}.Debug|Any CPU.Build.0 = Debug|Any CPU
		{805379DC-7D41-4E5E-846E-454BCF632B28}.Release|Any CPU.ActiveCfg = Release|Any CPU
		{805379DC-7D41-4E5E-846E-454BCF632B28}.Release|Any CPU.Build.0 = Release|Any CPU
		{8C89F85B-D4D6-4FAF-AA00-2AA3F2F669B2}.Debug|Any CPU.ActiveCfg = Debug|Any CPU
		{8C89F85B-D4D6-4FAF-AA00-2AA3F2F669B2}.Debug|Any CPU.Build.0 = Debug|Any CPU
		{8C89F85B-D4D6-4FAF-AA00-2AA3F2F669B2}.Release|Any CPU.ActiveCfg = Release|Any CPU
		{8C89F85B-D4D6-4FAF-AA00-2AA3F2F669B2}.Release|Any CPU.Build.0 = Release|Any CPU
		{F9B82FAF-F5C3-4E97-80E4-4785F8CE930F}.Debug|Any CPU.ActiveCfg = Debug|Any CPU
		{F9B82FAF-F5C3-4E97-80E4-4785F8CE930F}.Debug|Any CPU.Build.0 = Debug|Any CPU
		{F9B82FAF-F5C3-4E97-80E4-4785F8CE930F}.Release|Any CPU.ActiveCfg = Release|Any CPU
		{F9B82FAF-F5C3-4E97-80E4-4785F8CE930F}.Release|Any CPU.Build.0 = Release|Any CPU
		{BA3442C2-219A-49B6-B91A-0A704F3A389A}.Debug|Any CPU.ActiveCfg = Debug|Any CPU
		{BA3442C2-219A-49B6-B91A-0A704F3A389A}.Debug|Any CPU.Build.0 = Debug|Any CPU
		{BA3442C2-219A-49B6-B91A-0A704F3A389A}.Release|Any CPU.ActiveCfg = Release|Any CPU
		{BA3442C2-219A-49B6-B91A-0A704F3A389A}.Release|Any CPU.Build.0 = Release|Any CPU
		{C147D859-1DCC-47E9-8C4D-6E04024D1F9A}.Debug|Any CPU.ActiveCfg = Debug|Any CPU
		{C147D859-1DCC-47E9-8C4D-6E04024D1F9A}.Debug|Any CPU.Build.0 = Debug|Any CPU
		{C147D859-1DCC-47E9-8C4D-6E04024D1F9A}.Release|Any CPU.ActiveCfg = Release|Any CPU
		{C147D859-1DCC-47E9-8C4D-6E04024D1F9A}.Release|Any CPU.Build.0 = Release|Any CPU
		{9698C3D8-D06C-48DB-9E80-45726D5BB5C6}.Debug|Any CPU.ActiveCfg = Debug|Any CPU
		{9698C3D8-D06C-48DB-9E80-45726D5BB5C6}.Debug|Any CPU.Build.0 = Debug|Any CPU
		{9698C3D8-D06C-48DB-9E80-45726D5BB5C6}.Release|Any CPU.ActiveCfg = Release|Any CPU
		{9698C3D8-D06C-48DB-9E80-45726D5BB5C6}.Release|Any CPU.Build.0 = Release|Any CPU
		{FD910859-404B-46F8-94AA-42BA409444AD}.Debug|Any CPU.ActiveCfg = Debug|Any CPU
		{FD910859-404B-46F8-94AA-42BA409444AD}.Debug|Any CPU.Build.0 = Debug|Any CPU
		{FD910859-404B-46F8-94AA-42BA409444AD}.Release|Any CPU.ActiveCfg = Release|Any CPU
		{FD910859-404B-46F8-94AA-42BA409444AD}.Release|Any CPU.Build.0 = Release|Any CPU
		{91AE01B3-881B-462A-BC91-0CE373318961}.Debug|Any CPU.ActiveCfg = Debug|Any CPU
		{91AE01B3-881B-462A-BC91-0CE373318961}.Debug|Any CPU.Build.0 = Debug|Any CPU
		{91AE01B3-881B-462A-BC91-0CE373318961}.Release|Any CPU.ActiveCfg = Release|Any CPU
		{91AE01B3-881B-462A-BC91-0CE373318961}.Release|Any CPU.Build.0 = Release|Any CPU
		{7D31F8A2-1AEC-4BE2-AC7E-0399E799E8B7}.Debug|Any CPU.ActiveCfg = Debug|Any CPU
		{7D31F8A2-1AEC-4BE2-AC7E-0399E799E8B7}.Debug|Any CPU.Build.0 = Debug|Any CPU
		{7D31F8A2-1AEC-4BE2-AC7E-0399E799E8B7}.Release|Any CPU.ActiveCfg = Release|Any CPU
		{7D31F8A2-1AEC-4BE2-AC7E-0399E799E8B7}.Release|Any CPU.Build.0 = Release|Any CPU
		{E1DFC7E5-BC81-4CC4-80C8-7F6E4127CDB0}.Debug|Any CPU.ActiveCfg = Debug|Any CPU
		{E1DFC7E5-BC81-4CC4-80C8-7F6E4127CDB0}.Debug|Any CPU.Build.0 = Debug|Any CPU
		{E1DFC7E5-BC81-4CC4-80C8-7F6E4127CDB0}.Release|Any CPU.ActiveCfg = Release|Any CPU
		{E1DFC7E5-BC81-4CC4-80C8-7F6E4127CDB0}.Release|Any CPU.Build.0 = Release|Any CPU
		{AB58F784-1ACF-494A-AB0A-C13F648F47E6}.Debug|Any CPU.ActiveCfg = Debug|Any CPU
		{AB58F784-1ACF-494A-AB0A-C13F648F47E6}.Debug|Any CPU.Build.0 = Debug|Any CPU
		{AB58F784-1ACF-494A-AB0A-C13F648F47E6}.Release|Any CPU.ActiveCfg = Release|Any CPU
		{AB58F784-1ACF-494A-AB0A-C13F648F47E6}.Release|Any CPU.Build.0 = Release|Any CPU
		{049D8B80-7D64-492A-8679-EECBBEA94739}.Debug|Any CPU.ActiveCfg = Debug|Any CPU
		{049D8B80-7D64-492A-8679-EECBBEA94739}.Debug|Any CPU.Build.0 = Debug|Any CPU
		{049D8B80-7D64-492A-8679-EECBBEA94739}.Release|Any CPU.ActiveCfg = Release|Any CPU
		{049D8B80-7D64-492A-8679-EECBBEA94739}.Release|Any CPU.Build.0 = Release|Any CPU
	EndGlobalSection
	GlobalSection(SolutionProperties) = preSolution
		HideSolutionNode = FALSE
	EndGlobalSection
	GlobalSection(NestedProjects) = preSolution
		{EBA991EB-CDAA-4939-B22D-8C8CCF8ED470} = {B5C9BAF3-857C-4182-B0E3-E11236D8C6F4}
		{90A9A2E7-EAB5-40FA-AB46-6701D7A6B9FB} = {B5C9BAF3-857C-4182-B0E3-E11236D8C6F4}
		{14B44BFE-58B1-4653-B4FC-2C99B64A9336} = {90A9A2E7-EAB5-40FA-AB46-6701D7A6B9FB}
		{805379DC-7D41-4E5E-846E-454BCF632B28} = {90A9A2E7-EAB5-40FA-AB46-6701D7A6B9FB}
		{8C89F85B-D4D6-4FAF-AA00-2AA3F2F669B2} = {90A9A2E7-EAB5-40FA-AB46-6701D7A6B9FB}
		{F9B82FAF-F5C3-4E97-80E4-4785F8CE930F} = {B5C9BAF3-857C-4182-B0E3-E11236D8C6F4}
		{BA3442C2-219A-49B6-B91A-0A704F3A389A} = {B5C9BAF3-857C-4182-B0E3-E11236D8C6F4}
		{71929E5E-C931-49AF-9F4C-6FEE8FF631F4} = {C604168B-188C-4198-ADE8-29E8C5AC644E}
		{26C373D2-87E4-4542-991A-4504F37AF929} = {C604168B-188C-4198-ADE8-29E8C5AC644E}
		{C147D859-1DCC-47E9-8C4D-6E04024D1F9A} = {C604168B-188C-4198-ADE8-29E8C5AC644E}
		{9698C3D8-D06C-48DB-9E80-45726D5BB5C6} = {71929E5E-C931-49AF-9F4C-6FEE8FF631F4}
		{FD910859-404B-46F8-94AA-42BA409444AD} = {71929E5E-C931-49AF-9F4C-6FEE8FF631F4}
		{91AE01B3-881B-462A-BC91-0CE373318961} = {26C373D2-87E4-4542-991A-4504F37AF929}
		{E1DFC7E5-BC81-4CC4-80C8-7F6E4127CDB0} = {26C373D2-87E4-4542-991A-4504F37AF929}
		{AB58F784-1ACF-494A-AB0A-C13F648F47E6} = {26C373D2-87E4-4542-991A-4504F37AF929}
		{049D8B80-7D64-492A-8679-EECBBEA94739} = {26C373D2-87E4-4542-991A-4504F37AF929}
	EndGlobalSection
	GlobalSection(ExtensibilityGlobals) = postSolution
		SolutionGuid = {411ECB7B-B382-43CA-8534-05EA8ED2F48D}
	EndGlobalSection
EndGlobal
