
Microsoft Visual Studio Solution File, Format Version 12.00
# Visual Studio Version 17
VisualStudioVersion = 17.0.32112.339
MinimumVisualStudioVersion = 10.0.40219.1
Project("{2150E333-8FDC-42A3-9474-1A3956D46DE8}") = "Solution Items", "Solution Items", "{486CD777-F50E-4422-9058-A981A489D843}"
	ProjectSection(SolutionItems) = preProject
		.editorconfig = .editorconfig
		.gitignore = .gitignore
		README.md = README.md
	EndProjectSection
EndProject
Project("{2150E333-8FDC-42A3-9474-1A3956D46DE8}") = "Ekom.Core", "Ekom.Core", "{B5C9BAF3-857C-4182-B0E3-E11236D8C6F4}"
EndProject
Project("{9A19103F-16F7-4668-BE54-9A1E7A4F7556}") = "Ekom", "Ekom\Ekom.Core\Ekom\Ekom.csproj", "{EBA991EB-CDAA-4939-B22D-8C8CCF8ED470}"
EndProject
Project("{9A19103F-16F7-4668-BE54-9A1E7A4F7556}") = "Ekom.U10", "Ekom\Ekom.Umbraco\Ekom.U10\Ekom.U10.csproj", "{8C89F85B-D4D6-4FAF-AA00-2AA3F2F669B2}"
EndProject
Project("{2150E333-8FDC-42A3-9474-1A3956D46DE8}") = "Site", "Site", "{E41F0609-EAE2-42E8-B22D-7A54A36482E6}"
EndProject
Project("{9A19103F-16F7-4668-BE54-9A1E7A4F7556}") = "Ekom.Site", "Samples\U10\Ekom.Site\Ekom.Site.csproj", "{716A66D8-90B6-4D9D-8727-00CFAFFAF7E1}"
EndProject
Project("{9A19103F-16F7-4668-BE54-9A1E7A4F7556}") = "Ekom.Web", "Ekom\Ekom.Web\Ekom.Web\Ekom.Web.csproj", "{A5F527DE-3E2A-48E7-8C84-E6AA1F9B8FD1}"
EndProject
Project("{9A19103F-16F7-4668-BE54-9A1E7A4F7556}") = "Ekom.Common", "Ekom\Ekom.Core\Ekom.Common\Ekom.Common.csproj", "{1B7AE951-B3A3-42AB-814F-EBBBDF6C5981}"
EndProject
Project("{FAE04EC0-301F-11D3-BF4B-00C04F79EFBC}") = "Ekom.Tests", "Ekom\Tests\Ekom.Tests\Ekom.Tests.csproj", "{349A9B46-97D4-48BA-BADC-3528F9425A02}"
EndProject
Project("{2150E333-8FDC-42A3-9474-1A3956D46DE8}") = "Plugins", "Plugins", "{02EA681E-C7D8-13C7-8484-4AC65E1B71E8}"
EndProject
Project("{FAE04EC0-301F-11D3-BF4B-00C04F79EFBC}") = "Ekom.Algolia", "Plugins\Ekom.Algolia\Ekom.Algolia.csproj", "{19E60BBF-2FDE-4212-A8A2-8866EECD7EF2}"
EndProject
Project("{FAE04EC0-301F-11D3-BF4B-00C04F79EFBC}") = "Ekom.Klaviyo", "Plugins\Ekom.Klaviyo\Ekom.Klaviyo.csproj", "{6A48AF16-80A0-49F3-A75E-11592435419B}"
EndProject
Project("{FAE04EC0-301F-11D3-BF4B-00C04F79EFBC}") = "Ekom.AspNetCore", "Ekom\Ekom.Core\Ekom.AspNetCore\Ekom.AspNetCore.csproj", "{595795DF-4BB4-B114-3C46-CF51BDFFE117}"
EndProject
Project("{FAE04EC0-301F-11D3-BF4B-00C04F79EFBC}") = "Ekom.U17", "Ekom\Ekom.Umbraco\Ekom.U17\Ekom.U17.csproj", "{76ABCBF4-F824-4C64-8CA1-429B39EFE0DD}"
EndProject
Project("{FAE04EC0-301F-11D3-BF4B-00C04F79EFBC}") = "Ekom.Site.U17", "Samples\U17\Ekom.Site.U17\Ekom.Site.U17.csproj", "{02F4EB7D-939E-4C69-8850-3DB42ED0EB35}"
EndProject
Project("{FAE04EC0-301F-11D3-BF4B-00C04F79EFBC}") = "Ekom.Web.U17", "Ekom\Ekom.Web\Ekom.Web.U17\Ekom.Web.U17.csproj", "{237B19A4-B387-4ADC-9278-DDE4963DC801}"
EndProject
Project("{2150E333-8FDC-42A3-9474-1A3956D46DE8}") = "Ekom.Umbraco", "Ekom.Umbraco", "{90A9A2E7-EAB5-40FA-AB46-6701D7A6B9FB}"
EndProject
Project("{2150E333-8FDC-42A3-9474-1A3956D46DE8}") = "Ekom.Web", "Ekom.Web", "{D5F9CF7D-1CE8-4F8E-A458-DB2C7E13E001}"
EndProject
Project("{2150E333-8FDC-42A3-9474-1A3956D46DE8}") = "Tests", "Tests", "{C17E5343-2093-4EE7-A814-F54D73085389}"
EndProject
Project("{FAE04EC0-301F-11D3-BF4B-00C04F79EFBC}") = "Ekom.U18", "Ekom\Ekom.Umbraco\Ekom.U18\Ekom.U18.csproj", "{29943FD1-AAD4-4B7F-A570-71390B250FC9}"
EndProject
Project("{9A19103F-16F7-4668-BE54-9A1E7A4F7556}") = "Ekom.Web.U18", "Ekom\Ekom.Web\Ekom.Web.U18\Ekom.Web.U18.csproj", "{59A64170-E68B-44A9-90EE-4370A96DD45B}"
EndProject
Project("{9A19103F-16F7-4668-BE54-9A1E7A4F7556}") = "Ekom.Site.U18", "Samples\U18\Ekom.Site.U18\Ekom.Site.U18.csproj", "{A90CE839-E690-473B-AA3B-A70C4845A77E}"
EndProject
Project("{9A19103F-16F7-4668-BE54-9A1E7A4F7556}") = "Ekom.Algolia.U18", "Plugins\Ekom.Algolia\U18\Ekom.Algolia.U18.csproj", "{2CE377DF-B24B-405E-9CD8-9284CD7089A5}"
EndProject
Project("{9A19103F-16F7-4668-BE54-9A1E7A4F7556}") = "Ekom.Klaviyo.U18", "Plugins\Ekom.Klaviyo\U18\Ekom.Klaviyo.U18.csproj", "{DA8BFCB0-44D2-4732-BBA2-5CB974348A36}"
EndProject
Global
	GlobalSection(SolutionConfigurationPlatforms) = preSolution
		Debug|Any CPU = Debug|Any CPU
		Release|Any CPU = Release|Any CPU
	EndGlobalSection
	GlobalSection(ProjectConfigurationPlatforms) = postSolution
		{EBA991EB-CDAA-4939-B22D-8C8CCF8ED470}.Debug|Any CPU.ActiveCfg = Debug|Any CPU
		{EBA991EB-CDAA-4939-B22D-8C8CCF8ED470}.Debug|Any CPU.Build.0 = Debug|Any CPU
		{EBA991EB-CDAA-4939-B22D-8C8CCF8ED470}.Release|Any CPU.ActiveCfg = Release|Any CPU
		{EBA991EB-CDAA-4939-B22D-8C8CCF8ED470}.Release|Any CPU.Build.0 = Release|Any CPU
		{8C89F85B-D4D6-4FAF-AA00-2AA3F2F669B2}.Debug|Any CPU.ActiveCfg = Debug|Any CPU
		{8C89F85B-D4D6-4FAF-AA00-2AA3F2F669B2}.Debug|Any CPU.Build.0 = Debug|Any CPU
		{8C89F85B-D4D6-4FAF-AA00-2AA3F2F669B2}.Release|Any CPU.ActiveCfg = Release|Any CPU
		{8C89F85B-D4D6-4FAF-AA00-2AA3F2F669B2}.Release|Any CPU.Build.0 = Release|Any CPU
		{716A66D8-90B6-4D9D-8727-00CFAFFAF7E1}.Debug|Any CPU.ActiveCfg = Debug|Any CPU
		{716A66D8-90B6-4D9D-8727-00CFAFFAF7E1}.Debug|Any CPU.Build.0 = Debug|Any CPU
		{716A66D8-90B6-4D9D-8727-00CFAFFAF7E1}.Release|Any CPU.ActiveCfg = Release|Any CPU
		{716A66D8-90B6-4D9D-8727-00CFAFFAF7E1}.Release|Any CPU.Build.0 = Release|Any CPU
		{A5F527DE-3E2A-48E7-8C84-E6AA1F9B8FD1}.Debug|Any CPU.ActiveCfg = Debug|Any CPU
		{A5F527DE-3E2A-48E7-8C84-E6AA1F9B8FD1}.Release|Any CPU.ActiveCfg = Release|Any CPU
		{A5F527DE-3E2A-48E7-8C84-E6AA1F9B8FD1}.Release|Any CPU.Build.0 = Release|Any CPU
		{1B7AE951-B3A3-42AB-814F-EBBBDF6C5981}.Debug|Any CPU.ActiveCfg = Debug|Any CPU
		{1B7AE951-B3A3-42AB-814F-EBBBDF6C5981}.Debug|Any CPU.Build.0 = Debug|Any CPU
		{1B7AE951-B3A3-42AB-814F-EBBBDF6C5981}.Release|Any CPU.ActiveCfg = Release|Any CPU
		{1B7AE951-B3A3-42AB-814F-EBBBDF6C5981}.Release|Any CPU.Build.0 = Release|Any CPU
		{349A9B46-97D4-48BA-BADC-3528F9425A02}.Debug|Any CPU.ActiveCfg = Debug|Any CPU
		{349A9B46-97D4-48BA-BADC-3528F9425A02}.Release|Any CPU.ActiveCfg = Release|Any CPU
		{349A9B46-97D4-48BA-BADC-3528F9425A02}.Release|Any CPU.Build.0 = Release|Any CPU
		{19E60BBF-2FDE-4212-A8A2-8866EECD7EF2}.Debug|Any CPU.ActiveCfg = Debug|Any CPU
		{19E60BBF-2FDE-4212-A8A2-8866EECD7EF2}.Debug|Any CPU.Build.0 = Debug|Any CPU
		{19E60BBF-2FDE-4212-A8A2-8866EECD7EF2}.Release|Any CPU.ActiveCfg = Release|Any CPU
		{19E60BBF-2FDE-4212-A8A2-8866EECD7EF2}.Release|Any CPU.Build.0 = Release|Any CPU
		{6A48AF16-80A0-49F3-A75E-11592435419B}.Debug|Any CPU.ActiveCfg = Debug|Any CPU
		{6A48AF16-80A0-49F3-A75E-11592435419B}.Debug|Any CPU.Build.0 = Debug|Any CPU
		{6A48AF16-80A0-49F3-A75E-11592435419B}.Release|Any CPU.ActiveCfg = Release|Any CPU
		{6A48AF16-80A0-49F3-A75E-11592435419B}.Release|Any CPU.Build.0 = Release|Any CPU
		{595795DF-4BB4-B114-3C46-CF51BDFFE117}.Debug|Any CPU.ActiveCfg = Debug|Any CPU
		{595795DF-4BB4-B114-3C46-CF51BDFFE117}.Debug|Any CPU.Build.0 = Debug|Any CPU
		{595795DF-4BB4-B114-3C46-CF51BDFFE117}.Release|Any CPU.ActiveCfg = Release|Any CPU
		{595795DF-4BB4-B114-3C46-CF51BDFFE117}.Release|Any CPU.Build.0 = Release|Any CPU
		{76ABCBF4-F824-4C64-8CA1-429B39EFE0DD}.Debug|Any CPU.ActiveCfg = Debug|Any CPU
		{76ABCBF4-F824-4C64-8CA1-429B39EFE0DD}.Debug|Any CPU.Build.0 = Debug|Any CPU
		{76ABCBF4-F824-4C64-8CA1-429B39EFE0DD}.Release|Any CPU.ActiveCfg = Release|Any CPU
		{76ABCBF4-F824-4C64-8CA1-429B39EFE0DD}.Release|Any CPU.Build.0 = Release|Any CPU
		{02F4EB7D-939E-4C69-8850-3DB42ED0EB35}.Debug|Any CPU.ActiveCfg = Debug|Any CPU
		{02F4EB7D-939E-4C69-8850-3DB42ED0EB35}.Debug|Any CPU.Build.0 = Debug|Any CPU
		{02F4EB7D-939E-4C69-8850-3DB42ED0EB35}.Release|Any CPU.ActiveCfg = Release|Any CPU
		{02F4EB7D-939E-4C69-8850-3DB42ED0EB35}.Release|Any CPU.Build.0 = Release|Any CPU
		{237B19A4-B387-4ADC-9278-DDE4963DC801}.Debug|Any CPU.ActiveCfg = Debug|Any CPU
		{237B19A4-B387-4ADC-9278-DDE4963DC801}.Debug|Any CPU.Build.0 = Debug|Any CPU
		{237B19A4-B387-4ADC-9278-DDE4963DC801}.Release|Any CPU.ActiveCfg = Release|Any CPU
		{237B19A4-B387-4ADC-9278-DDE4963DC801}.Release|Any CPU.Build.0 = Release|Any CPU
		{29943FD1-AAD4-4B7F-A570-71390B250FC9}.Debug|Any CPU.ActiveCfg = Debug|Any CPU
		{29943FD1-AAD4-4B7F-A570-71390B250FC9}.Debug|Any CPU.Build.0 = Debug|Any CPU
		{29943FD1-AAD4-4B7F-A570-71390B250FC9}.Release|Any CPU.ActiveCfg = Release|Any CPU
		{29943FD1-AAD4-4B7F-A570-71390B250FC9}.Release|Any CPU.Build.0 = Release|Any CPU
		{59A64170-E68B-44A9-90EE-4370A96DD45B}.Debug|Any CPU.ActiveCfg = Debug|Any CPU
		{59A64170-E68B-44A9-90EE-4370A96DD45B}.Debug|Any CPU.Build.0 = Debug|Any CPU
		{59A64170-E68B-44A9-90EE-4370A96DD45B}.Release|Any CPU.ActiveCfg = Release|Any CPU
		{59A64170-E68B-44A9-90EE-4370A96DD45B}.Release|Any CPU.Build.0 = Release|Any CPU
		{A90CE839-E690-473B-AA3B-A70C4845A77E}.Debug|Any CPU.ActiveCfg = Debug|Any CPU
		{A90CE839-E690-473B-AA3B-A70C4845A77E}.Debug|Any CPU.Build.0 = Debug|Any CPU
		{A90CE839-E690-473B-AA3B-A70C4845A77E}.Release|Any CPU.ActiveCfg = Release|Any CPU
		{A90CE839-E690-473B-AA3B-A70C4845A77E}.Release|Any CPU.Build.0 = Release|Any CPU
		{2CE377DF-B24B-405E-9CD8-9284CD7089A5}.Debug|Any CPU.ActiveCfg = Debug|Any CPU
		{2CE377DF-B24B-405E-9CD8-9284CD7089A5}.Debug|Any CPU.Build.0 = Debug|Any CPU
		{2CE377DF-B24B-405E-9CD8-9284CD7089A5}.Release|Any CPU.ActiveCfg = Release|Any CPU
		{2CE377DF-B24B-405E-9CD8-9284CD7089A5}.Release|Any CPU.Build.0 = Release|Any CPU
		{DA8BFCB0-44D2-4732-BBA2-5CB974348A36}.Debug|Any CPU.ActiveCfg = Debug|Any CPU
		{DA8BFCB0-44D2-4732-BBA2-5CB974348A36}.Debug|Any CPU.Build.0 = Debug|Any CPU
		{DA8BFCB0-44D2-4732-BBA2-5CB974348A36}.Release|Any CPU.ActiveCfg = Release|Any CPU
		{DA8BFCB0-44D2-4732-BBA2-5CB974348A36}.Release|Any CPU.Build.0 = Release|Any CPU
	EndGlobalSection
	GlobalSection(SolutionProperties) = preSolution
		HideSolutionNode = FALSE
	EndGlobalSection
	GlobalSection(NestedProjects) = preSolution
		{EBA991EB-CDAA-4939-B22D-8C8CCF8ED470} = {B5C9BAF3-857C-4182-B0E3-E11236D8C6F4}
		{8C89F85B-D4D6-4FAF-AA00-2AA3F2F669B2} = {90A9A2E7-EAB5-40FA-AB46-6701D7A6B9FB}
		{716A66D8-90B6-4D9D-8727-00CFAFFAF7E1} = {E41F0609-EAE2-42E8-B22D-7A54A36482E6}
		{A5F527DE-3E2A-48E7-8C84-E6AA1F9B8FD1} = {D5F9CF7D-1CE8-4F8E-A458-DB2C7E13E001}
		{1B7AE951-B3A3-42AB-814F-EBBBDF6C5981} = {B5C9BAF3-857C-4182-B0E3-E11236D8C6F4}
		{349A9B46-97D4-48BA-BADC-3528F9425A02} = {C17E5343-2093-4EE7-A814-F54D73085389}
		{19E60BBF-2FDE-4212-A8A2-8866EECD7EF2} = {02EA681E-C7D8-13C7-8484-4AC65E1B71E8}
		{6A48AF16-80A0-49F3-A75E-11592435419B} = {02EA681E-C7D8-13C7-8484-4AC65E1B71E8}
		{595795DF-4BB4-B114-3C46-CF51BDFFE117} = {B5C9BAF3-857C-4182-B0E3-E11236D8C6F4}
		{76ABCBF4-F824-4C64-8CA1-429B39EFE0DD} = {90A9A2E7-EAB5-40FA-AB46-6701D7A6B9FB}
		{02F4EB7D-939E-4C69-8850-3DB42ED0EB35} = {E41F0609-EAE2-42E8-B22D-7A54A36482E6}
		{237B19A4-B387-4ADC-9278-DDE4963DC801} = {D5F9CF7D-1CE8-4F8E-A458-DB2C7E13E001}
		{29943FD1-AAD4-4B7F-A570-71390B250FC9} = {90A9A2E7-EAB5-40FA-AB46-6701D7A6B9FB}
		{59A64170-E68B-44A9-90EE-4370A96DD45B} = {D5F9CF7D-1CE8-4F8E-A458-DB2C7E13E001}
		{A90CE839-E690-473B-AA3B-A70C4845A77E} = {E41F0609-EAE2-42E8-B22D-7A54A36482E6}
		{2CE377DF-B24B-405E-9CD8-9284CD7089A5} = {02EA681E-C7D8-13C7-8484-4AC65E1B71E8}
		{DA8BFCB0-44D2-4732-BBA2-5CB974348A36} = {02EA681E-C7D8-13C7-8484-4AC65E1B71E8}
	EndGlobalSection
	GlobalSection(ExtensibilityGlobals) = postSolution
		SolutionGuid = {411ECB7B-B382-43CA-8534-05EA8ED2F48D}
	EndGlobalSection
EndGlobal
