{
  "version": 1,
  "dependencies": {
    "net8.0": {
      "AsyncKeyedLock": {
        "type": "Direct",
        "requested": "[7.1.8, )",
        "resolved": "7.1.8",
        "contentHash": "LhDLwna+oO0lDA/xRK2JMeZ6XN4AN6VnZXaTC+pO95sd+uJUFqfdK1H5hS09upX4IrpErVSKW+uKgxctcnYe7w==",
        "dependencies": {
          "System.Threading.Tasks.Extensions": "4.6.3"
        }
      },
      "CommonServiceLocator": {
        "type": "Direct",
        "requested": "[2.0.7, )",
        "resolved": "2.0.7",
        "contentHash": "deByA+/7hfPSMqaqcITTkeZhGw41qiIon5F6Q5n5EcMPeYc5hXlifIrVpPKsur4g/PuxYU6umjTx8kQMog4npw=="
      },
      "Ekom.Payments.Core": {
        "type": "Direct",
        "requested": "[0.2.41, )",
        "resolved": "0.2.41",
        "contentHash": "dqMXvtGlHFpwHsJ0skehk6r6bkMSR/30jZPYFPpSecDCUn62Zspe2bHtq6HJv/BUtRysclUDE50F0JO1W6xN6g==",
        "dependencies": {
          "Azure.Core": "1.50.0",
          "Azure.Identity": "1.17.0",
          "Ekom.Common": "0.1.901",
          "Microsoft.Data.SqlClient": "6.1.2",
          "linq2db": "5.4.1"
        }
      },
      "Hangfire": {
        "type": "Direct",
        "requested": "[1.8.18, )",
        "resolved": "1.8.18",
        "contentHash": "EY+UqMHTOQAtdjeJf3jlnj8MpENyDPTpA6OHMncucVlkaongZjrx+gCN4bgma7vD3BNHqfQ7irYrfE5p1DOBEQ==",
        "dependencies": {
          "Hangfire.AspNetCore": "[1.8.18]",
          "Hangfire.Core": "[1.8.18]",
          "Hangfire.SqlServer": "[1.8.18]"
        }
      },
      "linq2db": {
        "type": "Direct",
        "requested": "[5.4.1, )",
        "resolved": "5.4.1",
        "contentHash": "qyH32MbFK6T55KsEcQYTbPFfkOa1Mo65lY/Zo8SFVMy0pwkQBCTnA/RUxyG5+l3D/mgfPz85PH3upDrtklSMrw=="
      },
      "Microsoft.AspNetCore.Http.Extensions": {
        "type": "Direct",
        "requested": "[2.3.0, )",
        "resolved": "2.3.0",
        "contentHash": "EY2u/wFF5jsYwGXXswfQWrSsFPmiXsniAlUWo3rv/MGYf99ZFsENDnZcQP6W3c/+xQmQXq0NauzQ7jyy+o1LDQ==",
        "dependencies": {
          "Microsoft.AspNetCore.Http.Abstractions": "2.3.0",
          "Microsoft.Extensions.FileProviders.Abstractions": "8.0.0",
          "Microsoft.Net.Http.Headers": "2.3.0",
          "System.Buffers": "4.6.0"
        }
      },
      "Microsoft.AspNetCore.Mvc.Abstractions": {
        "type": "Direct",
        "requested": "[2.3.0, )",
        "resolved": "2.3.0",
        "contentHash": "xrF8Fh10hEAS6Qp967IgPqNw2iz3/3Q8FQo+Jowbytaj1JJN86p0z851hSH4XP/sFnI5gFu7mGdkplirAJMWPw==",
        "dependencies": {
          "Microsoft.AspNetCore.Routing.Abstractions": "2.3.0",
          "Microsoft.Net.Http.Headers": "2.3.0"
        }
      },
      "Microsoft.AspNetCore.Mvc.NewtonsoftJson": {
        "type": "Direct",
        "requested": "[8.0.11, )",
        "resolved": "8.0.11",
        "contentHash": "XcfFd8e0g2M0mcAKVNgoHJtWYJfKrPntHhgqiZ1Ci37i3AEJbM0GHIa715i0UPSksiKmDxsJWXnM3rg8keF/Zg==",
        "dependencies": {
          "Microsoft.AspNetCore.JsonPatch": "8.0.11",
          "Newtonsoft.Json": "13.0.3",
          "Newtonsoft.Json.Bson": "1.0.2"
        }
      },
      "Microsoft.Data.SqlClient": {
        "type": "Direct",
        "requested": "[6.1.2, )",
        "resolved": "6.1.2",
        "contentHash": "q0GxRC0fgwfZgU14pU34ro0MW7Gs8S6NDmKCcEqymvZljT8UQa633BbEmk/Rb5upNF9NHZ3/jVm7zLiWbM8uTA==",
        "dependencies": {
          "Azure.Core": "1.47.1",
          "Azure.Identity": "1.14.2",
          "Microsoft.Bcl.Cryptography": "8.0.0",
          "Microsoft.Data.SqlClient.SNI.runtime": "6.0.2",
          "Microsoft.Extensions.Caching.Memory": "8.0.1",
          "Microsoft.IdentityModel.JsonWebTokens": "7.7.1",
          "Microsoft.IdentityModel.Protocols.OpenIdConnect": "7.7.1",
          "Microsoft.SqlServer.Server": "1.0.0",
          "System.Configuration.ConfigurationManager": "8.0.1",
          "System.Security.Cryptography.Pkcs": "8.0.1",
          "System.Text.Json": "8.0.5"
        }
      },
      "Microsoft.Extensions.Caching.Abstractions": {
        "type": "Direct",
        "requested": "[8.0.0, )",
        "resolved": "8.0.0",
        "contentHash": "3KuSxeHoNYdxVYfg2IRZCThcrlJ1XJqIXkAWikCsbm5C/bCjv7G0WoKDyuR98Q+T607QT2Zl5GsbGRkENcV2yQ==",
        "dependencies": {
          "Microsoft.Extensions.Primitives": "8.0.0"
        }
      },
      "Microsoft.Extensions.Configuration": {
        "type": "Direct",
        "requested": "[8.0.0, )",
        "resolved": "8.0.0",
        "contentHash": "0J/9YNXTMWSZP2p2+nvl8p71zpSwokZXZuJW+VjdErkegAnFdO1XlqtA62SJtgVYHdKu3uPxJHcMR/r35HwFBA==",
        "dependencies": {
          "Microsoft.Extensions.Configuration.Abstractions": "8.0.0",
          "Microsoft.Extensions.Primitives": "8.0.0"
        }
      },
      "Microsoft.Extensions.DependencyInjection.Abstractions": {
        "type": "Direct",
        "requested": "[8.0.2, )",
        "resolved": "8.0.2",
        "contentHash": "3iE7UF7MQkCv1cxzCahz+Y/guQbTqieyxyaWKhrRO91itI9cOKO76OHeQDahqG4MmW5umr3CcCvGmK92lWNlbg=="
      },
      "Microsoft.Extensions.Logging.Abstractions": {
        "type": "Direct",
        "requested": "[8.0.3, )",
        "resolved": "8.0.3",
        "contentHash": "dL0QGToTxggRLMYY4ZYX5AMwBb+byQBd/5dMiZE07Nv73o6I5Are3C7eQTh7K2+A4ct0PVISSr7TZANbiNb2yQ==",
        "dependencies": {
          "Microsoft.Extensions.DependencyInjection.Abstractions": "8.0.2"
        }
      },
      "Microsoft.SourceLink.GitHub": {
        "type": "Direct",
        "requested": "[1.0.0, )",
        "resolved": "1.0.0",
        "contentHash": "aZyGyGg2nFSxix+xMkPmlmZSsnGQ3w+mIG23LTxJZHN+GPwTQ5FpPgDo7RMOq+Kcf5D4hFWfXkGhoGstawX13Q==",
        "dependencies": {
          "Microsoft.Build.Tasks.Git": "1.0.0",
          "Microsoft.SourceLink.Common": "1.0.0"
        }
      },
      "murmurhash": {
        "type": "Direct",
        "requested": "[1.0.3, )",
        "resolved": "1.0.3",
        "contentHash": "56dW8jgSsvGs/tULn+r1UbS+o0rBvgMj+6Lta6uao4j8Kzx1kVxMf56LPKO070VqjWcGyMB4K4R6M4gVKutG9A=="
      },
      "Newtonsoft.Json": {
        "type": "Direct",
        "requested": "[13.0.3, )",
        "resolved": "13.0.3",
        "contentHash": "HrC5BXdl00IP9zeV+0Z848QWPAoCr9P3bDEZguI+gkLcBKAOxix/tLEAAHC+UvDNPv4a2d18lOReHMOagPa+zQ=="
      },
      "Azure.Core": {
        "type": "Transitive",
        "resolved": "1.50.0",
        "contentHash": "GBNKZEhdIbTXxedvD3R7I/yDVFX9jJJEz02kCziFSJxspSQ5RMHc3GktulJ1s7+ffXaXD7kMgrtdQTaggyInLw==",
        "dependencies": {
          "Microsoft.Bcl.AsyncInterfaces": "8.0.0",
          "System.ClientModel": "1.8.0",
          "System.Memory.Data": "8.0.1"
        }
      },
      "Azure.Identity": {
        "type": "Transitive",
        "resolved": "1.17.0",
        "contentHash": "QZiMa1O5lTniWTSDPyPVdBKOS0/M5DWXTfQ2xLOot96yp8Q5A69iScGtzCIxfbg/4bmp/TynibZ2VK1v3qsSNA==",
        "dependencies": {
          "Azure.Core": "1.49.0",
          "Microsoft.Identity.Client": "4.76.0",
          "Microsoft.Identity.Client.Extensions.Msal": "4.76.0"
        }
      },
      "Hangfire.AspNetCore": {
        "type": "Transitive",
        "resolved": "1.8.18",
        "contentHash": "5D6Do0qgoAnakvh4KnKwhIoUzFU84Z0sCYMB+Sit+ygkpL1P6JGYDcd/9vDBcfr5K3JqBxD4Zh2IK2LOXuuiaw==",
        "dependencies": {
          "Hangfire.NetCore": "[1.8.18]"
        }
      },
      "Hangfire.Core": {
        "type": "Transitive",
        "resolved": "1.8.18",
        "contentHash": "oNAkV8QQoYg5+vM2M024NBk49EhTO2BmKDLuQaKNew23RpH9OUGtKDl1KldBdDJrD8TMFzjhWCArol3igd2i2w==",
        "dependencies": {
          "Newtonsoft.Json": "11.0.1"
        }
      },
      "Hangfire.NetCore": {
        "type": "Transitive",
        "resolved": "1.8.18",
        "contentHash": "3KAV9AZ1nqQHC54qR4buNEEKRmQJfq+lODtZxUk5cdi68lV8+9K2f4H1/mIfDlPpgjPFjEfCobNoi2+TIpKySw==",
        "dependencies": {
          "Hangfire.Core": "[1.8.18]",
          "Microsoft.Extensions.DependencyInjection.Abstractions": "3.0.0",
          "Microsoft.Extensions.Hosting.Abstractions": "3.0.0",
          "Microsoft.Extensions.Logging.Abstractions": "3.0.0"
        }
      },
      "Hangfire.SqlServer": {
        "type": "Transitive",
        "resolved": "1.8.18",
        "contentHash": "yBfI2ygYfN/31rOrahfOFHee1mwTrG0ppsmK9awCS0mAr2GEaB9eyYqg/lURgZy8AA8UVJVs5nLHa2hc1pDAVQ==",
        "dependencies": {
          "Hangfire.Core": "[1.8.18]"
        }
      },
      "Microsoft.AspNetCore.Http.Abstractions": {
        "type": "Transitive",
        "resolved": "2.3.0",
        "contentHash": "39r9PPrjA6s0blyFv5qarckjNkaHRA5B+3b53ybuGGNTXEj1/DStQJ4NWjFL6QTRQpL9zt7nDyKxZdJOlcnq+Q==",
        "dependencies": {
          "Microsoft.AspNetCore.Http.Features": "2.3.0",
          "System.Text.Encodings.Web": "8.0.0"
        }
      },
      "Microsoft.AspNetCore.Http.Features": {
        "type": "Transitive",
        "resolved": "2.3.0",
        "contentHash": "f10WUgcsKqrkmnz6gt8HeZ7kyKjYN30PO7cSic1lPtH7paPtnQqXPOveul/SIPI43PhRD4trttg4ywnrEmmJpA==",
        "dependencies": {
          "Microsoft.Extensions.Primitives": "8.0.0"
        }
      },
      "Microsoft.AspNetCore.JsonPatch": {
        "type": "Transitive",
        "resolved": "8.0.11",
        "contentHash": "l1tFnQm2LtFE3M9YRM/bdwtxxCV50Y5jnN0LjliQH1sqvWsN46++Uu3QCJL9IdOweFvXSf3Shi7DI/Vc1jkdKA==",
        "dependencies": {
          "Microsoft.CSharp": "4.7.0",
          "Newtonsoft.Json": "13.0.3"
        }
      },
      "Microsoft.AspNetCore.Routing.Abstractions": {
        "type": "Transitive",
        "resolved": "2.3.0",
        "contentHash": "ZkFpUrSmp6TocxZLBEX3IBv5dPMbQuMs6L/BPl0WRfn32UVOtNYJQ0bLdh3cL9LMV0rmTW/5R0w8CBYxr0AOUw==",
        "dependencies": {
          "Microsoft.AspNetCore.Http.Abstractions": "2.3.0"
        }
      },
      "Microsoft.Bcl.AsyncInterfaces": {
        "type": "Transitive",
        "resolved": "8.0.0",
        "contentHash": "3WA9q9yVqJp222P3x1wYIGDAkpjAku0TMUaaQV22g6L67AI0LdOIrVS7Ht2vJfLHGSPVuqN94vIr15qn+HEkHw=="
      },
      "Microsoft.Bcl.Cryptography": {
        "type": "Transitive",
        "resolved": "8.0.0",
        "contentHash": "Y3t/c7C5XHJGFDnohjf1/9SYF3ZOfEU1fkNQuKg/dGf9hN18yrQj2owHITGfNS3+lKJdW6J4vY98jYu57jCO8A=="
      },
      "Microsoft.Build.Tasks.Git": {
        "type": "Transitive",
        "resolved": "1.0.0",
        "contentHash": "z2fpmmt+1Jfl+ZnBki9nSP08S1/tbEOxFdsK1rSR+LBehIJz1Xv9/6qOOoGNqlwnAGGVGis1Oj6S8Kt9COEYlQ=="
      },
      "Microsoft.CSharp": {
        "type": "Transitive",
        "resolved": "4.7.0",
        "contentHash": "pTj+D3uJWyN3My70i2Hqo+OXixq3Os2D1nJ2x92FFo6sk8fYS1m1WLNTs0Dc1uPaViH0YvEEwvzddQ7y4rhXmA=="
      },
      "Microsoft.Data.SqlClient.SNI.runtime": {
        "type": "Transitive",
        "resolved": "6.0.2",
        "contentHash": "f+pRODTWX7Y67jXO3T5S2dIPZ9qMJNySjlZT/TKmWVNWe19N8jcWmHaqHnnchaq3gxEKv1SWVY5EFzOD06l41w=="
      },
      "Microsoft.Extensions.Caching.Memory": {
        "type": "Transitive",
        "resolved": "8.0.1",
        "contentHash": "HFDnhYLccngrzyGgHkjEDU5FMLn4MpOsr5ElgsBMC4yx6lJh4jeWO7fHS8+TXPq+dgxCmUa/Trl8svObmwW4QA==",
        "dependencies": {
          "Microsoft.Extensions.Caching.Abstractions": "8.0.0",
          "Microsoft.Extensions.DependencyInjection.Abstractions": "8.0.2",
          "Microsoft.Extensions.Logging.Abstractions": "8.0.2",
          "Microsoft.Extensions.Options": "8.0.2",
          "Microsoft.Extensions.Primitives": "8.0.0"
        }
      },
      "Microsoft.Extensions.Configuration.Abstractions": {
        "type": "Transitive",
        "resolved": "8.0.0",
        "contentHash": "3lE/iLSutpgX1CC0NOW70FJoGARRHbyKmG7dc0klnUZ9Dd9hS6N/POPWhKhMLCEuNN5nXEY5agmlFtH562vqhQ==",
        "dependencies": {
          "Microsoft.Extensions.Primitives": "8.0.0"
        }
      },
      "Microsoft.Extensions.FileProviders.Abstractions": {
        "type": "Transitive",
        "resolved": "8.0.0",
        "contentHash": "ZbaMlhJlpisjuWbvXr4LdAst/1XxH3vZ6A0BsgTphZ2L4PGuxRLz7Jr/S7mkAAnOn78Vu0fKhEgNF5JO3zfjqQ==",
        "dependencies": {
          "Microsoft.Extensions.Primitives": "8.0.0"
        }
      },
      "Microsoft.Extensions.Hosting.Abstractions": {
        "type": "Transitive",
        "resolved": "3.0.0",
        "contentHash": "qeDWS5ErmkUN96BdQqpmeCmLk5HJWQ/SPw3ux5v5/Qb0hKZS5wojBMulnBC7JUEiBwg7Ir71Yjf1lFiRT5MdtQ==",
        "dependencies": {
          "Microsoft.Extensions.Configuration.Abstractions": "3.0.0",
          "Microsoft.Extensions.DependencyInjection.Abstractions": "3.0.0",
          "Microsoft.Extensions.FileProviders.Abstractions": "3.0.0",
          "Microsoft.Extensions.Logging.Abstractions": "3.0.0"
        }
      },
      "Microsoft.Extensions.Options": {
        "type": "Transitive",
        "resolved": "8.0.2",
        "contentHash": "dWGKvhFybsaZpGmzkGCbNNwBD1rVlWzrZKANLW/CcbFJpCEceMCGzT7zZwHOGBCbwM0SzBuceMj5HN1LKV1QqA==",
        "dependencies": {
          "Microsoft.Extensions.DependencyInjection.Abstractions": "8.0.0",
          "Microsoft.Extensions.Primitives": "8.0.0"
        }
      },
      "Microsoft.Extensions.Primitives": {
        "type": "Transitive",
        "resolved": "8.0.0",
        "contentHash": "bXJEZrW9ny8vjMF1JV253WeLhpEVzFo1lyaZu1vQ4ZxWUlVvknZ/+ftFgVheLubb4eZPSwwxBeqS1JkCOjxd8g=="
      },
      "Microsoft.Identity.Client": {
        "type": "Transitive",
        "resolved": "4.76.0",
        "contentHash": "j2FtmljuCveDJ7umBVYm6Bx3iVGA71U07Dc7byGr2Hrj7XlByZSknruCBUeYN3V75nn1VEhXegxE0MerxvxrXQ==",
        "dependencies": {
          "Microsoft.IdentityModel.Abstractions": "6.35.0",
          "System.Diagnostics.DiagnosticSource": "6.0.1"
        }
      },
      "Microsoft.Identity.Client.Extensions.Msal": {
        "type": "Transitive",
        "resolved": "4.76.0",
        "contentHash": "D0n3yMTa3gnDh1usrJmyxGWKYeqbQNCWLgQ0Tswf7S6nk9YobiCOX+M2V8EX5SPqkZxpwkTT6odAhaafu3TIeA==",
        "dependencies": {
          "Microsoft.Identity.Client": "4.76.0",
          "System.Security.Cryptography.ProtectedData": "4.5.0"
        }
      },
      "Microsoft.IdentityModel.Abstractions": {
        "type": "Transitive",
        "resolved": "7.7.1",
        "contentHash": "S7sHg6gLg7oFqNGLwN1qSbJDI+QcRRj8SuJ1jHyCmKSipnF6ZQL+tFV2NzVfGj/xmGT9TykQdQiBN+p5Idl4TA=="
      },
      "Microsoft.IdentityModel.JsonWebTokens": {
        "type": "Transitive",
        "resolved": "7.7.1",
        "contentHash": "3Izi75UCUssvo8LPx3OVnEeZay58qaFicrtSnbtUt7q8qQi0gy46gh4V8VUTkMVMKXV6VMyjBVmeNNgeCUJuIw==",
        "dependencies": {
          "Microsoft.IdentityModel.Tokens": "7.7.1"
        }
      },
      "Microsoft.IdentityModel.Logging": {
        "type": "Transitive",
        "resolved": "7.7.1",
        "contentHash": "BZNgSq/o8gsKExdYoBKPR65fdsxW0cTF8PsdqB8y011AGUJJW300S/ZIsEUD0+sOmGc003Gwv3FYbjrVjvsLNQ==",
        "dependencies": {
          "Microsoft.IdentityModel.Abstractions": "7.7.1"
        }
      },
      "Microsoft.IdentityModel.Protocols": {
        "type": "Transitive",
        "resolved": "7.7.1",
        "contentHash": "h+fHHBGokepmCX+QZXJk4Ij8OApCb2n2ktoDkNX5CXteXsOxTHMNgjPGpAwdJMFvAL7TtGarUnk3o97NmBq2QQ==",
        "dependencies": {
          "Microsoft.IdentityModel.Tokens": "7.7.1"
        }
      },
      "Microsoft.IdentityModel.Protocols.OpenIdConnect": {
        "type": "Transitive",
        "resolved": "7.7.1",
        "contentHash": "yT2Hdj8LpPbcT9C9KlLVxXl09C8zjFaVSaApdOwuecMuoV4s6Sof/mnTDz/+F/lILPIBvrWugR9CC7iRVZgbfQ==",
        "dependencies": {
          "Microsoft.IdentityModel.Protocols": "7.7.1",
          "System.IdentityModel.Tokens.Jwt": "7.7.1"
        }
      },
      "Microsoft.IdentityModel.Tokens": {
        "type": "Transitive",
        "resolved": "7.7.1",
        "contentHash": "fQ0VVCba75lknUHGldi3iTKAYUQqbzp1Un8+d9cm9nON0Gs8NAkXddNg8iaUB0qi/ybtAmNWizTR4avdkCJ9pQ==",
        "dependencies": {
          "Microsoft.IdentityModel.Logging": "7.7.1"
        }
      },
      "Microsoft.Net.Http.Headers": {
        "type": "Transitive",
        "resolved": "2.3.0",
        "contentHash": "/M0wVg6tJUOHutWD3BMOUVZAioJVXe0tCpFiovzv0T9T12TBf4MnaHP0efO8TCr1a6O9RZgQeZ9Gdark8L9XdA==",
        "dependencies": {
          "Microsoft.Extensions.Primitives": "8.0.0",
          "System.Buffers": "4.6.0"
        }
      },
      "Microsoft.SourceLink.Common": {
        "type": "Transitive",
        "resolved": "1.0.0",
        "contentHash": "G8DuQY8/DK5NN+3jm5wcMcd9QYD90UV7MiLmdljSJixi3U/vNaeBKmmXUqI4DJCOeWizIUEh4ALhSt58mR+5eg=="
      },
      "Microsoft.SqlServer.Server": {
        "type": "Transitive",
        "resolved": "1.0.0",
        "contentHash": "N4KeF3cpcm1PUHym1RmakkzfkEv3GRMyofVv40uXsQhCQeglr2OHNcUk2WOG51AKpGO8ynGpo9M/kFXSzghwug=="
      },
      "Newtonsoft.Json.Bson": {
        "type": "Transitive",
        "resolved": "1.0.2",
        "contentHash": "QYFyxhaABwmq3p/21VrZNYvCg3DaEoN/wUuw5nmfAf0X3HLjgupwhkEWdgfb9nvGAUIv3osmZoD3kKl4jxEmYQ==",
        "dependencies": {
          "Newtonsoft.Json": "12.0.1"
        }
      },
      "System.Buffers": {
        "type": "Transitive",
        "resolved": "4.6.0",
        "contentHash": "lN6tZi7Q46zFzAbRYXTIvfXcyvQQgxnY7Xm6C6xQ9784dEL1amjM6S6Iw4ZpsvesAKnRVsM4scrDQaDqSClkjA=="
      },
      "System.ClientModel": {
        "type": "Transitive",
        "resolved": "1.8.0",
        "contentHash": "AqRzhn0v29GGGLj/Z6gKq4lGNtvPHT4nHdG5PDJh9IfVjv/nYUVmX11hwwws1vDFeIAzrvmn0dPu8IjLtu6fAw==",
        "dependencies": {
          "Microsoft.Extensions.Logging.Abstractions": "8.0.3",
          "System.Memory.Data": "8.0.1"
        }
      },
      "System.Configuration.ConfigurationManager": {
        "type": "Transitive",
        "resolved": "8.0.1",
        "contentHash": "gPYFPDyohW2gXNhdQRSjtmeS6FymL2crg4Sral1wtvEJ7DUqFCDWDVbbLobASbzxfic8U1hQEdC7hmg9LHncMw==",
        "dependencies": {
          "System.Diagnostics.EventLog": "8.0.1",
          "System.Security.Cryptography.ProtectedData": "8.0.0"
        }
      },
      "System.Diagnostics.DiagnosticSource": {
        "type": "Transitive",
        "resolved": "6.0.1",
        "contentHash": "KiLYDu2k2J82Q9BJpWiuQqCkFjRBWVq4jDzKKWawVi9KWzyD0XG3cmfX0vqTQlL14Wi9EufJrbL0+KCLTbqWiQ==",
        "dependencies": {
          "System.Runtime.CompilerServices.Unsafe": "6.0.0"
        }
      },
      "System.Diagnostics.EventLog": {
        "type": "Transitive",
        "resolved": "8.0.1",
        "contentHash": "n1ZP7NM2Gkn/MgD8+eOT5MulMj6wfeQMNS2Pizvq5GHCZfjlFMXV2irQlQmJhwA2VABC57M0auudO89Iu2uRLg=="
      },
      "System.IdentityModel.Tokens.Jwt": {
        "type": "Transitive",
        "resolved": "7.7.1",
        "contentHash": "rQkO1YbAjLwnDJSMpRhRtrc6XwIcEOcUvoEcge+evurpzSZM3UNK+MZfD3sKyTlYsvknZ6eJjSBfnmXqwOsT9Q==",
        "dependencies": {
          "Microsoft.IdentityModel.JsonWebTokens": "7.7.1",
          "Microsoft.IdentityModel.Tokens": "7.7.1"
        }
      },
      "System.Memory.Data": {
        "type": "Transitive",
        "resolved": "8.0.1",
        "contentHash": "BVYuec3jV23EMRDeR7Dr1/qhx7369dZzJ9IWy2xylvb4YfXsrUxspWc4UWYid/tj4zZK58uGZqn2WQiaDMhmAg=="
      },
      "System.Runtime.CompilerServices.Unsafe": {
        "type": "Transitive",
        "resolved": "6.0.0",
        "contentHash": "/iUeP3tq1S0XdNNoMz5C9twLSrM/TH+qElHkXWaPvuNOt+99G75NrV0OS2EqHx5wMN7popYjpc8oTjC1y16DLg=="
      },
      "System.Security.Cryptography.Pkcs": {
        "type": "Transitive",
        "resolved": "8.0.1",
        "contentHash": "CoCRHFym33aUSf/NtWSVSZa99dkd0Hm7OCZUxORBjRB16LNhIEOf8THPqzIYlvKM0nNDAPTRBa1FxEECrgaxxA=="
      },
      "System.Security.Cryptography.ProtectedData": {
        "type": "Transitive",
        "resolved": "8.0.0",
        "contentHash": "+TUFINV2q2ifyXauQXRwy4CiBhqvDEDZeVJU7qfxya4aRYOKzVBpN+4acx25VcPB9ywUN6C0n8drWl110PhZEg=="
      },
      "System.Text.Encodings.Web": {
        "type": "Transitive",
        "resolved": "8.0.0",
        "contentHash": "yev/k9GHAEGx2Rg3/tU6MQh4HGBXJs70y7j1LaM1i/ER9po+6nnQ6RRqTJn1E7Xu0fbIFK80Nh5EoODxrbxwBQ=="
      },
      "System.Text.Json": {
        "type": "Transitive",
        "resolved": "8.0.5",
        "contentHash": "0f1B50Ss7rqxXiaBJyzUu9bWFOO2/zSlifZ/UNMdiIpDYe4cY4LQQicP4nirK1OS31I43rn062UIJ1Q9bpmHpg=="
      },
      "System.Threading.Tasks.Extensions": {
        "type": "Transitive",
        "resolved": "4.6.3",
        "contentHash": "7sCiwilJLYbTZELaKnc7RecBBXWXA+xMLQWZKWawBxYjp6DBlSE3v9/UcvKBvr1vv2tTOhipiogM8rRmxlhrVA=="
      },
      "ekom.common": {
        "type": "Project",
        "dependencies": {
          "Microsoft.Extensions.Caching.Memory": "[8.0.1, )",
          "Newtonsoft.Json": "[13.0.3, )"
        }
      }
    }
  }
}