{
  "version": 1,
  "dependencies": {
    ".NETFramework,Version=v4.7.2": {
      "Microsoft.CodeAnalysis.NetAnalyzers": {
        "type": "Direct",
        "requested": "[5.0.3, )",
        "resolved": "5.0.3",
        "contentHash": "7rw0JUPSAVGR0HPekQiQvwGPor44p/Ek21+wZABraG4bVYNrSkx98ZZsxSxG5jJ4oqjACJxea8E62UO0dsKDBw=="
      },
      "Microsoft.SourceLink.GitHub": {
        "type": "Direct",
        "requested": "[1.0.0, )",
        "resolved": "1.0.0",
        "contentHash": "aZyGyGg2nFSxix+xMkPmlmZSsnGQ3w+mIG23LTxJZHN+GPwTQ5FpPgDo7RMOq+Kcf5D4hFWfXkGhoGstawX13Q==",
        "dependencies": {
          "Microsoft.Build.Tasks.Git": "1.0.0",
          "Microsoft.SourceLink.Common": "1.0.0"
        }
      },
      "Microsoft.VisualStudio.Threading.Analyzers": {
        "type": "Direct",
        "requested": "[16.10.56, )",
        "resolved": "16.10.56",
        "contentHash": "uTvu9fbmHTtRFY5xUgG45waU+ARad0JxyG/2btOC9Su6RTo3PrGVXKU2vHDtVELqlJsnKImhMaPH3YR0XCVwDg=="
      },
      "Umbraco.NetPayment.v8": {
        "type": "Direct",
        "requested": "[11.7.1, 12.0.0)",
        "resolved": "11.7.1",
        "contentHash": "h6pRx5pO7M1htsjHlqt+lpbB7N1HzHpxmvebduTcWqQAD7kDNvhtRTeaz59FI6R2Ukg+14S8hpJ3+dqHYOYmGA==",
        "dependencies": {
          "GMO.Vorto.v8": "0.3.1",
          "System.IO.Abstractions": "12.2.1",
          "UmbracoCms.Core": "[8.1.5, 9.0.0)",
          "UmbracoCms.Web": "[8.1.5, 9.0.0)"
        }
      },
      "UmbracoCms.Core": {
        "type": "Direct",
        "requested": "[8.6.1, 9.0.0)",
        "resolved": "8.6.1",
        "contentHash": "av1tAJvXk0uN2X4ObHYtvknlGxKS6EsWHMF4kJTN9LriERjwi1UGlfPJhmdi+HViD/7VDZfL9O+suJs01JsQmw==",
        "dependencies": {
          "LightInject": "[5.4.0, 5.999999.0)",
          "LightInject.Annotation": "[1.1.0, 1.999999.0)",
          "LightInject.Web": "[2.0.0, 2.999999.0)",
          "Microsoft.AspNet.Identity.Core": "[2.2.2, 2.999999.0)",
          "Microsoft.AspNet.WebApi.Client": "[5.2.7, 5.999999.0)",
          "Microsoft.Owin": "[4.0.1, 4.999999.0)",
          "MiniProfiler": "[4.0.138, 4.999999.0)",
          "NPoco": "[3.9.4, 3.999999.0)",
          "Newtonsoft.Json": "[12.0.1, 12.999999.0)",
          "Semver": "[2.0.4, 2.999999.0)",
          "Serilog": "[2.8.0, 2.999999.0)",
          "Serilog.Enrichers.Process": "[2.0.1, 2.999999.0)",
          "Serilog.Enrichers.Thread": "[3.0.0, 3.999999.0)",
          "Serilog.Filters.Expressions": "[2.0.0, 2.999999.0)",
          "Serilog.Formatting.Compact": "[1.0.0, 1.999999.0)",
          "Serilog.Formatting.Compact.Reader": "[1.0.3, 1.999999.0)",
          "Serilog.Settings.AppSettings": "[2.2.2, 2.999999.0)",
          "Serilog.Sinks.Async": "[1.3.0, 1.999999.0)",
          "Serilog.Sinks.File": "[4.0.0, 4.999999.0)",
          "Serilog.Sinks.Map": "[1.0.0, 1.999999.0)",
          "Umbraco.SqlServerCE": "[4.0.0.1, 4.999999.0)"
        }
      },
      "UmbracoCms.Web": {
        "type": "Direct",
        "requested": "[8.6.1, 9.0.0)",
        "resolved": "8.6.1",
        "contentHash": "jLisbNM3859n3rc4EnA34pJcsVBwh/AMXVk1EkmBXbQqCvkeMtBg8fNNRYhinuLcyJBQK3vUDlwJo4HzXnhhAg==",
        "dependencies": {
          "CSharpTest.Net.Collections": "[14.906.1403.1082, 14.999999.0)",
          "ClientDependency": "[1.9.9, 1.999999.0)",
          "ClientDependency-Mvc5": "[1.9.3, 1.999999.0)",
          "Examine": "[1.0.2, 1.999999.0)",
          "HtmlAgilityPack": "[1.8.14, 1.999999.0)",
          "ImageProcessor": "[2.7.0.100, 2.999999.0)",
          "LightInject.Mvc": "[2.0.0, 2.999999.0)",
          "LightInject.WebApi": "[2.0.0, 2.999999.0)",
          "Markdown": "[2.2.1, 2.999999.0)",
          "Microsoft.AspNet.Identity.Owin": "[2.2.2, 2.999999.0)",
          "Microsoft.AspNet.Mvc": "[5.2.7, 5.999999.0)",
          "Microsoft.AspNet.SignalR.Core": "[2.4.0, 2.999999.0)",
          "Microsoft.AspNet.WebApi": "[5.2.7, 5.999999.0)",
          "Microsoft.Owin.Host.SystemWeb": "[4.0.1, 4.999999.0)",
          "Microsoft.Owin.Security.Cookies": "[4.0.1, 4.999999.0)",
          "Microsoft.Owin.Security.OAuth": "[4.0.1, 4.999999.0)",
          "System.Threading.Tasks.Dataflow": "[4.9.0, 4.999999.0)",
          "UmbracoCms.Core": "[8.6.1]"
        }
      },
      "ClientDependency": {
        "type": "Transitive",
        "resolved": "1.9.9",
        "contentHash": "0Rv6H1FY32BXtaKeR9bKEbFaQ33WWhNprfo8P15vezxfJpVpBRmOBbqLwoTocZfrBIKpq+BfpfGpUD7ekpFKYA=="
      },
      "ClientDependency-Mvc5": {
        "type": "Transitive",
        "resolved": "1.9.3",
        "contentHash": "kp+aIhV92QtWtq9dsCTD0nxebIsdDBDyrIzbKbYZqniRf6ji5R6TjGp8Roty8nh7oeiryp4mjvDxSrmWXLRopg==",
        "dependencies": {
          "ClientDependency": "1.8.0",
          "Microsoft.AspNet.Mvc": "5.0.0"
        }
      },
      "CSharpTest.Net.Collections": {
        "type": "Transitive",
        "resolved": "14.906.1403.1082",
        "contentHash": "31Pu0wcHG2c814AUVPSzyL/ijcfyvu4S524+uxOhx2d1dRiIJ9eMLLvRWUhhP7F0Q17cvQpnGnZk8+4DhdJPgg=="
      },
      "Examine": {
        "type": "Transitive",
        "resolved": "1.2.2",
        "contentHash": "HdpECa0qKu64lgowpm6JdQWHrD1GkMkodfS7Adossm2Tlv1f0FXh3dZuvOdeMk/+ecgDpM3n6dsFzDbHStVTYg==",
        "dependencies": {
          "Lucene.Net": "[3.0.3, 4.0.0)"
        }
      },
      "GMO.Vorto.v8": {
        "type": "Transitive",
        "resolved": "0.3.1",
        "contentHash": "nTXSccUBBWjk6iLq/Qj+DF9fDPnJNx8oeqTxEy1zadIBPhIgGv6pIttXAlF5+ceQwZKeATL6h96cnaDInqNI7w==",
        "dependencies": {
          "ClientDependency": "1.9.7",
          "LightInject": "5.4.0",
          "Microsoft.AspNet.Mvc": "5.2.7",
          "Microsoft.Extensions.DependencyInjection.Abstractions": "2.0.0",
          "Microsoft.Owin.Security": "4.0.1",
          "Microsoft.Owin.Security.Cookies": "4.0.1",
          "Microsoft.Owin.Security.OAuth": "4.0.1",
          "Newtonsoft.Json": "12.0.1",
          "Serilog": "2.8.0",
          "UmbracoCms.Web": "8.1.0"
        }
      },
      "Hangfire": {
        "type": "Transitive",
        "resolved": "1.7.14",
        "contentHash": "7P96gP8JDQPqJccjjExDjZwaro+xvibhTyhIrPODaBJk6eP0FgFxEscTXQTRbzGxj+voX2gKmznSYZ7VY7y2pQ==",
        "dependencies": {
          "Hangfire.Core": "[1.7.14]",
          "Hangfire.SqlServer": "[1.7.14]",
          "Microsoft.Owin.Host.SystemWeb": "3.0.0"
        }
      },
      "Hangfire.Core": {
        "type": "Transitive",
        "resolved": "1.7.14",
        "contentHash": "Pf10LhH3mGaRMiFXLvnRKxFMCZ24owWbZRxoUGXmZZRAVNrHSEGV24DoBP6sFra6KagL4OqqH4HFW5zR0xnOGQ==",
        "dependencies": {
          "Newtonsoft.Json": "5.0.1",
          "Owin": "1.0.0"
        }
      },
      "Hangfire.SqlServer": {
        "type": "Transitive",
        "resolved": "1.7.14",
        "contentHash": "ZJdg7MOKuoxru7X7qaIGYpP8nWBhD9TIv2E1k1Biaa2nRPtK7bbQYs1bmwvnKhRF1+uX5deGQR1O+56mYp1/0A==",
        "dependencies": {
          "Hangfire.Core": "[1.7.14]"
        }
      },
      "HtmlAgilityPack": {
        "type": "Transitive",
        "resolved": "1.8.14",
        "contentHash": "HfQYd6XhNm7I3iF2Ui/KQMUagVGj41JjwBzq170gnuHr4Lc92n577OekCbs9JKMV7kSwtDkL5Hsm6ludFc+B0g=="
      },
      "ImageProcessor": {
        "type": "Transitive",
        "resolved": "2.7.0.100",
        "contentHash": "p5chWsc6Qbo8ckEKwrOkdG/cWfwNC7EsvrH1k56eTRJIUNVgPUFOBJonrJU0c5pPMAIUTxZLPxpnfad6w3VAtA=="
      },
      "LightInject": {
        "type": "Transitive",
        "resolved": "5.4.0",
        "contentHash": "w4EjEhNqtzFb0qlScmpjA84Nuv4+OITNGfYCjDhJoLYyw+uagkrrth+e9Hgidv4bMzuNSlJpHPGTHx6DtE4Ixg==",
        "dependencies": {
          "System.ValueTuple": "4.5.0"
        }
      },
      "LightInject.Annotation": {
        "type": "Transitive",
        "resolved": "1.1.0",
        "contentHash": "sZZpnoBRo20Ul5i8Vn8NIjIpTqhzPCwcghhQ5R36iJobmEyPjIy3qiTSVL24Ax+6aYdz/v7Vz4m/35qCVjSk3w==",
        "dependencies": {
          "LightInject": "4.1.0"
        }
      },
      "LightInject.Mvc": {
        "type": "Transitive",
        "resolved": "2.0.0",
        "contentHash": "kMpzPnnBV8tQ1moY5hnJLJKa+sI4SbZheN8d+w9N9vkzO0K95fANBcF7GXvmEeh2G2CC2KMNmZZF9N5Sa0YRkA==",
        "dependencies": {
          "LightInject": "5.0.0",
          "LightInject.Web": "2.0.0"
        }
      },
      "LightInject.Web": {
        "type": "Transitive",
        "resolved": "2.0.0",
        "contentHash": "+re4VADlWBF1BgIeJOy8D0UTBCZqRELWD8y2OejKrgDr8moLDApydGfNpyJv0J4tG8tqR4LwU33yo5fU/+rkWA==",
        "dependencies": {
          "LightInject": "4.1.0"
        }
      },
      "LightInject.WebApi": {
        "type": "Transitive",
        "resolved": "2.0.0",
        "contentHash": "Ujdv0UfmKdr6coi/pyLAcIN1tUAPh4X2a7nhxQBlfnbcKW/iRcfqr/l5m3l05eCFnDRUCF6Wiskfi+eve5rVHw==",
        "dependencies": {
          "LightInject": "5.0.0"
        }
      },
      "Lucene.Net": {
        "type": "Transitive",
        "resolved": "3.0.3",
        "contentHash": "A/70q4eDcuuafQeDB9eaiDP9FQG7X29T4VIYRphS7Wk8kAM9gNcfVqYyd0H8BJ1BTpA5C1ORm9RzFn4BiNavrw==",
        "dependencies": {
          "SharpZipLib": "0.86.0"
        }
      },
      "Markdown": {
        "type": "Transitive",
        "resolved": "2.2.1",
        "contentHash": "A6veXuFP1n50RbmFNtTgfHxnHmwMsgFLSCgS1xWbg5L8n5N6HFEksTlXocZ0LsmGW4leBzeLJd+BY7+g83zFJA=="
      },
      "Microsoft.AspNet.Identity.Core": {
        "type": "Transitive",
        "resolved": "2.2.2",
        "contentHash": "aZoXAqqisAQlEdeMwcn204m7ErUeYXJuoZ4YqvV85OPeB0w8o8kW8Ww5o5ZTZFx3mrLmmtfWKjt4nLqfjzjXEw=="
      },
      "Microsoft.AspNet.Identity.Owin": {
        "type": "Transitive",
        "resolved": "2.2.2",
        "contentHash": "oZ+whh1KqOmX/ODPy2gXmgDF3vq0bg1NX1Jsr07+DTtOn/3xh6PCPouNPMhNrVRHfe3E7zPdTUnagnHNr1zUXQ==",
        "dependencies": {
          "Microsoft.AspNet.Identity.Core": "2.2.2",
          "Microsoft.Owin.Security": "3.0.1",
          "Microsoft.Owin.Security.Cookies": "3.0.1",
          "Microsoft.Owin.Security.OAuth": "3.0.1"
        }
      },
      "Microsoft.AspNet.Mvc": {
        "type": "Transitive",
        "resolved": "5.2.7",
        "contentHash": "m3hUsn48k6Qb5El9A8naTwGTLCdSQKGSpGweqIfiVKltGJzAJJxuXvhhaQQtLCGg3i5V88iGjz0JG72/tlFKlg==",
        "dependencies": {
          "Microsoft.AspNet.Razor": "[3.2.7, 3.3.0)",
          "Microsoft.AspNet.WebPages": "[3.2.7, 3.3.0)"
        }
      },
      "Microsoft.AspNet.Razor": {
        "type": "Transitive",
        "resolved": "3.2.7",
        "contentHash": "BpWEZ+Ys7g9VAkbAfpG5jr5A1fKcmadCCXv3fYfps5YfTVABJIGV4uc9yvmXKxsNsjL+BzDld2gs+xtgT2gg1g=="
      },
      "Microsoft.AspNet.SignalR.Core": {
        "type": "Transitive",
        "resolved": "2.4.0",
        "contentHash": "6bf1QhX+fdYO+kgS4gMhEkjM1/8/b3BrDOL6peSdRshLF23yic5yBPi/l55hXQVuELt4xgTkoUekSp/Wbd/lmw==",
        "dependencies": {
          "Microsoft.Owin.Security": "2.1.0",
          "Newtonsoft.Json": "6.0.4"
        }
      },
      "Microsoft.AspNet.WebApi": {
        "type": "Transitive",
        "resolved": "5.2.7",
        "contentHash": "r+nQLBQ857hw8Mfb5hrlMwr0nb7BE1Fp12LsSIZ9g6NT/hTZj8CYUi2UREfywIsGPQ4EIx14oWp8QPRps/i5CA==",
        "dependencies": {
          "Microsoft.AspNet.WebApi.WebHost": "[5.2.7, 5.3.0)"
        }
      },
      "Microsoft.AspNet.WebApi.Client": {
        "type": "Transitive",
        "resolved": "5.2.7",
        "contentHash": "/76fAHknzvFqbznS6Uj2sOyE9rJB3PltY+f53TH8dX9RiGhk02EhuFCWljSj5nnqKaTsmma8DFR50OGyQ4yJ1g==",
        "dependencies": {
          "Newtonsoft.Json": "6.0.4"
        }
      },
      "Microsoft.AspNet.WebApi.Core": {
        "type": "Transitive",
        "resolved": "5.2.7",
        "contentHash": "gM2QzApnHdy1FbKUJ/ROGJSm69P2G+HMoVd/t5Vq1O/zZ5TI4IKC9PX6nUfRt/NHgebZOIWHpB4/4K4inuy4yQ==",
        "dependencies": {
          "Microsoft.AspNet.WebApi.Client": "5.2.7"
        }
      },
      "Microsoft.AspNet.WebApi.WebHost": {
        "type": "Transitive",
        "resolved": "5.2.7",
        "contentHash": "m3TyD7R/cmbfXqkfgcnE0J/UEKklcPP5gsXR96//vLx2kTnsxuOqNlulJLl+Oto4fZMvhVPFZVR+KG9cLZM/PA==",
        "dependencies": {
          "Microsoft.AspNet.WebApi.Core": "[5.2.7, 5.3.0)"
        }
      },
      "Microsoft.AspNet.WebPages": {
        "type": "Transitive",
        "resolved": "3.2.7",
        "contentHash": "2jwZFB7PvY+tbdz0ZP4iEo7gMrJxkCQUzoGLh6swUc6ZXl6DoKyDslmGcC/j9PFmJXCRMVIqtRorlPSMU2DuRA==",
        "dependencies": {
          "Microsoft.AspNet.Razor": "[3.2.7, 3.3.0)",
          "Microsoft.Web.Infrastructure": "1.0.0"
        }
      },
      "Microsoft.Build.Tasks.Git": {
        "type": "Transitive",
        "resolved": "1.0.0",
        "contentHash": "z2fpmmt+1Jfl+ZnBki9nSP08S1/tbEOxFdsK1rSR+LBehIJz1Xv9/6qOOoGNqlwnAGGVGis1Oj6S8Kt9COEYlQ=="
      },
      "Microsoft.Extensions.DependencyInjection.Abstractions": {
        "type": "Transitive",
        "resolved": "2.0.0",
        "contentHash": "eUdJ0Q/GfVyUJc0Jal5L1QZLceL78pvEM9wEKcHeI24KorqMDoVX+gWsMGLulQMfOwsUaPtkpQM2pFERTzSfSg=="
      },
      "Microsoft.Owin": {
        "type": "Transitive",
        "resolved": "4.0.1",
        "contentHash": "J3v8nn9ABr5rm22EOyvndAP/gjP2AnhhfZuI2A7lTPO4+j27SpVv6P/Zs29+/AzSpC8qkE6GIe43vodPMF5DpA==",
        "dependencies": {
          "Owin": "1.0.0"
        }
      },
      "Microsoft.Owin.Host.SystemWeb": {
        "type": "Transitive",
        "resolved": "4.0.1",
        "contentHash": "nf5v52w+wkmxjLw4RsWtOOwgbnLlWio94mKrsa61MpYIfhLHJ4ipn4QAGeaxcF46JutOwM+Ch0toU3gBK9eDRw==",
        "dependencies": {
          "Microsoft.Owin": "4.0.1",
          "Owin": "1.0.0"
        }
      },
      "Microsoft.Owin.Security": {
        "type": "Transitive",
        "resolved": "4.0.1",
        "contentHash": "4VOvzEBlN+4OQIgsBYCt81cUjJ5ZbuUBZcf/LzqBT5KELskRA9zQ6z/qyh2NPIci8e0z+eJIAMHZTyNDf+QunQ==",
        "dependencies": {
          "Microsoft.Owin": "4.0.1",
          "Owin": "1.0.0"
        }
      },
      "Microsoft.Owin.Security.Cookies": {
        "type": "Transitive",
        "resolved": "4.0.1",
        "contentHash": "RYY953l3IH9bLZV0Ti7ZXm9stoPr1IoplpFVM2Nd83zhNB85/4hNr5H8Bk5H3LZFb6Ba3O4mIBEYHXK0XcEEGw==",
        "dependencies": {
          "Microsoft.Owin": "4.0.1",
          "Microsoft.Owin.Security": "4.0.1",
          "Owin": "1.0.0"
        }
      },
      "Microsoft.Owin.Security.OAuth": {
        "type": "Transitive",
        "resolved": "4.0.1",
        "contentHash": "KhxNb81lYqbOnn6cad999pskXkEAwftRSd0MSYb6wAMpM5E8686VY4neEqqdKg60x96P/nAtlGPLqiyNimd9nw==",
        "dependencies": {
          "Microsoft.Owin": "4.0.1",
          "Microsoft.Owin.Security": "4.0.1",
          "Newtonsoft.Json": "10.0.1",
          "Owin": "1.0.0"
        }
      },
      "Microsoft.SourceLink.Common": {
        "type": "Transitive",
        "resolved": "1.0.0",
        "contentHash": "G8DuQY8/DK5NN+3jm5wcMcd9QYD90UV7MiLmdljSJixi3U/vNaeBKmmXUqI4DJCOeWizIUEh4ALhSt58mR+5eg=="
      },
      "Microsoft.Web.Infrastructure": {
        "type": "Transitive",
        "resolved": "1.0.0",
        "contentHash": "FNmvLn5m2LTU/Rs2KWVo0SIIh9Ek+U0ojex7xeDaSHw/zgEP77A8vY5cVWgUtBGS8MJfDGNn8rpXJWEIQaPwTg=="
      },
      "MiniProfiler": {
        "type": "Transitive",
        "resolved": "4.0.138",
        "contentHash": "dGJUJBzzUUKs4VilVnI+OcCnSlRAn7HTZ1Kp8ECEU6Ui/NAs3T2dB5cdtxJ6K34AnGoPGO4HuJnSbJtWhK+Q0g==",
        "dependencies": {
          "MiniProfiler.Shared": "4.0.138"
        }
      },
      "MiniProfiler.Shared": {
        "type": "Transitive",
        "resolved": "4.0.138",
        "contentHash": "KPV/bZhxfcj/P5Iwu3W93gYG88jRzLJi7b3N3snNJCJu+uqb0BRVZv9iwk/uPeYizkDuTHt9rGkGAsPw8YUu7Q==",
        "dependencies": {
          "Microsoft.Extensions.DependencyInjection.Abstractions": "2.0.0",
          "Newtonsoft.Json": "10.0.3",
          "System.Diagnostics.DiagnosticSource": "4.4.1"
        }
      },
      "Newtonsoft.Json": {
        "type": "Transitive",
        "resolved": "12.0.1",
        "contentHash": "pBR3wCgYWZGiaZDYP+HHYnalVnPJlpP1q55qvVb+adrDHmFMDc1NAKio61xTwftK3Pw5h7TZJPJEEVMd6ty8rg=="
      },
      "NPoco": {
        "type": "Transitive",
        "resolved": "3.9.4",
        "contentHash": "XnWlzHZnbGLRZmMmJJZFSzZFY+HUWaYEHAtwgBeEev0SOFA8Ng9ppX7Wc/kqnuz3LZamrWxfv1mOmcRIpe9nEg=="
      },
      "Owin": {
        "type": "Transitive",
        "resolved": "1.0.0",
        "contentHash": "OseTFniKmyp76mEzOBwIKGBRS5eMoYNkMKaMXOpxx9jv88+b6mh1rSaw43vjBOItNhaLFG3d0a20PfHyibH5sw=="
      },
      "Semver": {
        "type": "Transitive",
        "resolved": "2.0.4",
        "contentHash": "H52a9cgrh4hkVxv5y99L9vk2NBtJB3ids/yavTHUvC0pUl3EsWEZAJmjBPFSt7jDtn3Q04+Nhtfo0J2xvsnhZQ=="
      },
      "Serilog": {
        "type": "Transitive",
        "resolved": "2.8.0",
        "contentHash": "zjuKXW5IQws43IHX7VY9nURsaCiBYh2kyJCWLJRSWrTsx/syBKHV8MibWe2A+QH3Er0AiwA+OJmO3DhFJDY1+A=="
      },
      "Serilog.Enrichers.Process": {
        "type": "Transitive",
        "resolved": "2.0.1",
        "contentHash": "Qq7Gyz/LoC9jjZPutTfzfrBToEkPSdNLfhalLDxNa9JqCZY2wh+rGsZEEE/952zeqV9pzqzcEKAxuVZoBfl2Gw==",
        "dependencies": {
          "Serilog": "2.0.0"
        }
      },
      "Serilog.Enrichers.Thread": {
        "type": "Transitive",
        "resolved": "3.0.0",
        "contentHash": "wPt2ib3wj8UVw6Z7HUp1bE3YKeCPHyWesOw+5q3Pf7mBI7A12o/ng97M2D213ambgRLS9BJMNF0/MQTXtpqMjw==",
        "dependencies": {
          "Serilog": "2.0.0"
        }
      },
      "Serilog.Filters.Expressions": {
        "type": "Transitive",
        "resolved": "2.0.0",
        "contentHash": "JhD2uV1s3ixF4L2dSB7t7jV5OKG8AEQOYtfTqSVkNm9X/g6zr1uoGH62XhDfCzEbyd5fiB9Rv4IXm+8m98Ao9Q==",
        "dependencies": {
          "Serilog": "2.7.1",
          "Superpower": "2.0.0"
        }
      },
      "Serilog.Formatting.Compact": {
        "type": "Transitive",
        "resolved": "1.0.0",
        "contentHash": "r3QYz02y7+B7Ng30hyJM929OJhem7SsJ4XDUE0Zfptj2MRiQfpPUb5f58juAFjp/TnNeSX2QNzZEnHwLeoJfHQ==",
        "dependencies": {
          "Serilog": "2.0.0"
        }
      },
      "Serilog.Formatting.Compact.Reader": {
        "type": "Transitive",
        "resolved": "1.0.3",
        "contentHash": "A3Hkm3FlPLnrJr0DM//Tg0o1dMVwMs84yqqwMYYMtdFxDQ3tWrMFyyXPaCe5VYUiYi/ELfc8FKlh0j47NNDhoA==",
        "dependencies": {
          "Newtonsoft.Json": "9.0.1",
          "Serilog": "2.3.0"
        }
      },
      "Serilog.Settings.AppSettings": {
        "type": "Transitive",
        "resolved": "2.2.2",
        "contentHash": "2BcbEs9E14BVUHlkZjxGnILUTN/FiYn45k8NW5I9nrMELnBy9sCQ1L2SgJVGLlINUhzEVqE7aWE84UG7B0Qr0A==",
        "dependencies": {
          "Serilog": "2.6.0"
        }
      },
      "Serilog.Sinks.Async": {
        "type": "Transitive",
        "resolved": "1.3.0",
        "contentHash": "G45b5qzoFYDDGy1SQznNJDQA4mfUESslkWh9S5Y48egtSpZoMDrj5MWoiucEoiMCbza+GLoZk8edprPO7P0Atw==",
        "dependencies": {
          "Serilog": "2.7.1"
        }
      },
      "Serilog.Sinks.File": {
        "type": "Transitive",
        "resolved": "4.0.0",
        "contentHash": "vBj43RkAbeP1dzoPFR2+LfV5GevDRPDq6265JJBv223lMvT9rfdwe/S/I9ow7aZSLYKfw4qPDw6NW8YwjbDbvg==",
        "dependencies": {
          "Serilog": "2.5.0"
        }
      },
      "Serilog.Sinks.Map": {
        "type": "Transitive",
        "resolved": "1.0.0",
        "contentHash": "WkQ7FwK3c1mdba7KpZBF43Fc+wyNRpZHidhFixhoEtwnUq9SFCCFoW8rBNDg1cSMsb1OPtRBsLW223vkxKC5AQ==",
        "dependencies": {
          "Serilog": "2.8.0"
        }
      },
      "SharpZipLib": {
        "type": "Transitive",
        "resolved": "0.86.0",
        "contentHash": "5DbS1SlKLMi+WG00Cm0ueYf2oyXJrowETQk8nx96rmdjTuHsA3laPykGV7Sxi0R5Xxfx0Kh/EfacAZ1f6M7y/g=="
      },
      "Superpower": {
        "type": "Transitive",
        "resolved": "2.0.0",
        "contentHash": "LvsFRxO7VJuUXiaIr3agLuTQTCVYtzgmGJ4BiNe4/DKplOMZ4pibpVSg1ON5zXdCci1jYNfRgQlNEKv0d0Kcog=="
      },
      "System.Diagnostics.DiagnosticSource": {
        "type": "Transitive",
        "resolved": "4.4.1",
        "contentHash": "U/KcC19fyLsPN1GLmeU2zQq15MMVcPwMOYPADVo1+WIoJpvMHxrzvl+BLLZwTEZSneGwaPFZ0aWr0nJ7B7LSdA=="
      },
      "System.IO.Abstractions": {
        "type": "Transitive",
        "resolved": "12.2.1",
        "contentHash": "tE2LDTWpn4J2bpCqAvPCkcrsAhPQo+KPb2RfztqhSuGX6F5juxlWTvL0HN/fhwRAdVnhfOHbKHRRRDJiWvQ0tg=="
      },
      "System.Threading.Tasks.Dataflow": {
        "type": "Transitive",
        "resolved": "4.9.0",
        "contentHash": "dTS+3D/GtG2/Pvc3E5YzVvAa7aQJgLDlZDIzukMOJjYudVOQOUXEU68y6Zi3Nn/jqIeB5kOCwrGbQFAKHVzXEQ=="
      },
      "System.ValueTuple": {
        "type": "Transitive",
        "resolved": "4.5.0",
        "contentHash": "okurQJO6NRE/apDIP23ajJ0hpiNmJ+f0BwOlB/cSqTLQlw5upkf+5+96+iG2Jw40G1fCVCyPz/FhIABUjMR+RQ=="
      },
      "Umbraco.SqlServerCE": {
        "type": "Transitive",
        "resolved": "4.0.0.1",
        "contentHash": "ApeeERIumXC8inaXMF+v0IMikazEp6N6axPqdAVDF6mQoY6K4tlyB3/H9iTIInlUus1ixLtPFHBa+EDzsDF8ng=="
      },
      "WebActivatorEx": {
        "type": "Transitive",
        "resolved": "2.2.0",
        "contentHash": "LpTC82DGzFeqHjRGLvynZKRjjELcsED5f784N4IWEPZhPlJsVYQKVpxNUjNdcMV6YHMqRhEiqolr69UVaT4ciw==",
        "dependencies": {
          "Microsoft.Web.Infrastructure": "1.0.0"
        }
      },
      "Ekom.Core.v8": {
        "type": "Project",
        "dependencies": {
          "Examine": "1.2.2",
          "GMO.Vorto.v8": "0.3.0",
          "Hangfire": "1.7.14",
          "Microsoft.Web.Infrastructure": "1.0.0",
          "UmbracoCms.Core": "[8.6.1, 9.0.0)",
          "UmbracoCms.Web": "[8.6.1, 9.0.0)",
          "WebActivatorEx": "2.2.0"
        }
      }
    }
  }
}