
Microsoft Visual Studio Solution File, Format Version 12.00
# Visual Studio Version 16
VisualStudioVersion = 16.0.31605.320
MinimumVisualStudioVersion = 10.0.40219.1
Project("{9A19103F-16F7-4668-BE54-9A1E7A4F7556}") = "Vettvangur.Shared", "Vettvangur.Shared\Vettvangur.Shared.csproj", "{536F81E1-3AFD-4ADD-8A7F-F03531753262}"
EndProject
Global
	GlobalSection(SolutionConfigurationPlatforms) = preSolution
		Debug|Any CPU = Debug|Any CPU
		Release|Any CPU = Release|Any CPU
	EndGlobalSection
	GlobalSection(ProjectConfigurationPlatforms) = postSolution
		{536F81E1-3AFD-4ADD-8A7F-F03531753262}.Debug|Any CPU.ActiveCfg = Debug|Any CPU
		{536F81E1-3AFD-4ADD-8A7F-F03531753262}.Debug|Any CPU.Build.0 = Debug|Any CPU
		{536F81E1-3AFD-4ADD-8A7F-F03531753262}.Release|Any CPU.ActiveCfg = Release|Any CPU
		{536F81E1-3AFD-4ADD-8A7F-F03531753262}.Release|Any CPU.Build.0 = Release|Any CPU
	EndGlobalSection
	GlobalSection(SolutionProperties) = preSolution
		HideSolutionNode = FALSE
	EndGlobalSection
	GlobalSection(ExtensibilityGlobals) = postSolution
		SolutionGuid = {8FDC4BE0-3CA7-40E6-BC24-18A6AB4351C2}
	EndGlobalSection
EndGlobal
