{
  "requires": true,
  "lockfileVersion": 1,
  "dependencies": {
    "@lit-labs/ssr-dom-shim": {
      "version": "1.1.1",
      "resolved": "https://registry.npmjs.org/@lit-labs/ssr-dom-shim/-/ssr-dom-shim-1.1.1.tgz",
      "integrity": "sha512-kXOeFbfCm4fFf2A3WwVEeQj55tMZa8c8/f9AKHMobQMkzNUfUj+antR3fRPaZJawsa1aZiP/Da3ndpZrwEe4rQ=="
    },
    "@lit/reactive-element": {
      "version": "1.6.1",
      "resolved": "https://registry.npmjs.org/@lit/reactive-element/-/reactive-element-1.6.1.tgz",
      "integrity": "sha512-va15kYZr7KZNNPZdxONGQzpUr+4sxVu7V/VG7a8mRfPPXUyhEYj5RzXCQmGrlP3tAh0L3HHm5AjBMFYRqlM9SA==",
      "requires": {
        "@lit-labs/ssr-dom-shim": "^1.0.0"
      }
    },
    "@types/trusted-types": {
      "version": "2.0.3",
      "resolved": "https://registry.npmjs.org/@types/trusted-types/-/trusted-types-2.0.3.tgz",
      "integrity": "sha512-NfQ4gyz38SL8sDNrSixxU2Os1a5xcdFxipAFxYEuLUlvU2uDwS4NUpsImcf1//SlWItCVMMLiylsxbmNMToV/g=="
    },
    "@umbraco-ui/uui-base": {
      "version": "1.2.1",
      "resolved": "https://registry.npmjs.org/@umbraco-ui/uui-base/-/uui-base-1.2.1.tgz",
      "integrity": "sha512-4oiHzczUC/S+AXlnOKxMCIS06TyHBVIWTrh2H836/xXDjesdvbwxDh0+ILO+TWrxFRl+3CiGsLoGREcQHQfaOg==",
      "requires": {
        "lit": "^2.3.1"
      }
    },
    "@umbraco-ui/uui-css": {
      "version": "1.2.1",
      "resolved": "https://registry.npmjs.org/@umbraco-ui/uui-css/-/uui-css-1.2.1.tgz",
      "integrity": "sha512-byPYIpEJ/LQEIFVuULtwrNVM9uZBRfZNvB23F+1Bz2CNPKvvaIGnvrlKFDh8ybCoNgRwI2nZaVjsx6rjQkv8TQ==",
      "requires": {
        "lit": "^2.2.2"
      }
    },
    "@umbraco-ui/uui-tabs": {
      "version": "1.2.1",
      "resolved": "https://registry.npmjs.org/@umbraco-ui/uui-tabs/-/uui-tabs-1.2.1.tgz",
      "integrity": "sha512-pRFBuqJOK6D7Okt66KA8K5P6FcjyXwMkGVyuSqKy0dvUxH7Q11yNj4ZbweLKhYXd4Fm952ZV4izXEdU7R+AHBw==",
      "requires": {
        "@umbraco-ui/uui-base": "1.2.1"
      }
    },
    "lit": {
      "version": "2.7.4",
      "resolved": "https://registry.npmjs.org/lit/-/lit-2.7.4.tgz",
      "integrity": "sha512-cgD7xrZoYr21mbrkZIuIrj98YTMw/snJPg52deWVV4A8icLyNHI3bF70xsJeAgwTuiq5Kkd+ZR8gybSJDCPB7g==",
      "requires": {
        "@lit/reactive-element": "^1.6.0",
        "lit-element": "^3.3.0",
        "lit-html": "^2.7.0"
      }
    },
    "lit-element": {
      "version": "3.3.2",
      "resolved": "https://registry.npmjs.org/lit-element/-/lit-element-3.3.2.tgz",
      "integrity": "sha512-xXAeVWKGr4/njq0rGC9dethMnYCq5hpKYrgQZYTzawt9YQhMiXfD+T1RgrdY3NamOxwq2aXlb0vOI6e29CKgVQ==",
      "requires": {
        "@lit-labs/ssr-dom-shim": "^1.1.0",
        "@lit/reactive-element": "^1.3.0",
        "lit-html": "^2.7.0"
      }
    },
    "lit-html": {
      "version": "2.7.3",
      "resolved": "https://registry.npmjs.org/lit-html/-/lit-html-2.7.3.tgz",
      "integrity": "sha512-9DyLzcn/kbRGowz2vFmSANFbRZTxYUgYYFqzie89w6GLpPUiBCDHfcdeRUV/k3Q2ueYxNjfv46yPCtKAEAPOVw==",
      "requires": {
        "@types/trusted-types": "^2.0.2"
      }
    },
    "tslib": {
      "version": "2.5.0",
      "resolved": "https://registry.npmjs.org/tslib/-/tslib-2.5.0.tgz",
      "integrity": "sha512-336iVw3rtn2BUK7ORdIAHTyxHGRIHVReokCR3XjbckJMK7ms8FysBfhLR8IXnAgy7T0PTPNBWKiH514FOW/WSg==",
      "dev": true
    }
  }
}
